// !$*UTF8*$!
{
	archiveVersion = 1;
	classes = {
	};
	objectVersion = 46;
	objects = {

/* Begin PBXBuildFile section */
		05B49DB814311DFC00CC3B5B /* JSONKit.h in Headers */ = {isa = PBXBuildFile; fileRef = 05B49DB614311DFC00CC3B5B /* JSONKit.h */; };
		05B49DB914311DFC00CC3B5B /* JSONKit.m in Sources */ = {isa = PBXBuildFile; fileRef = 05B49DB714311DFC00CC3B5B /* JSONKit.m */; };
		05B49DD114311E6600CC3B5B /* AFHTTPRequestOperation.h in Headers */ = {isa = PBXBuildFile; fileRef = 05B49DBB14311E6600CC3B5B /* AFHTTPRequestOperation.h */; };
		05B49DD214311E6600CC3B5B /* AFHTTPRequestOperation.m in Sources */ = {isa = PBXBuildFile; fileRef = 05B49DBC14311E6600CC3B5B /* AFHTTPRequestOperation.m */; };
		05B49DD314311E6600CC3B5B /* AFImageCache.h in Headers */ = {isa = PBXBuildFile; fileRef = 05B49DBD14311E6600CC3B5B /* AFImageCache.h */; };
		05B49DD414311E6600CC3B5B /* AFImageCache.m in Sources */ = {isa = PBXBuildFile; fileRef = 05B49DBE14311E6600CC3B5B /* AFImageCache.m */; };
		05B49DD514311E6600CC3B5B /* AFImageRequestOperation.h in Headers */ = {isa = PBXBuildFile; fileRef = 05B49DBF14311E6600CC3B5B /* AFImageRequestOperation.h */; };
		05B49DD614311E6600CC3B5B /* AFImageRequestOperation.m in Sources */ = {isa = PBXBuildFile; fileRef = 05B49DC014311E6600CC3B5B /* AFImageRequestOperation.m */; };
		05B49DD714311E6600CC3B5B /* AFJSONRequestOperation.h in Headers */ = {isa = PBXBuildFile; fileRef = 05B49DC114311E6600CC3B5B /* AFJSONRequestOperation.h */; };
		05B49DD814311E6600CC3B5B /* AFJSONRequestOperation.m in Sources */ = {isa = PBXBuildFile; fileRef = 05B49DC214311E6600CC3B5B /* AFJSONRequestOperation.m */; };
		05B49DDB14311E6600CC3B5B /* AFRestClient.h in Headers */ = {isa = PBXBuildFile; fileRef = 05B49DC514311E6600CC3B5B /* AFRestClient.h */; };
		05B49DDC14311E6600CC3B5B /* AFRestClient.m in Sources */ = {isa = PBXBuildFile; fileRef = 05B49DC614311E6600CC3B5B /* AFRestClient.m */; };
		05B49DDD14311E6600CC3B5B /* NSData+AFNetworking.h in Headers */ = {isa = PBXBuildFile; fileRef = 05B49DC714311E6600CC3B5B /* NSData+AFNetworking.h */; };
		05B49DDE14311E6600CC3B5B /* NSData+AFNetworking.m in Sources */ = {isa = PBXBuildFile; fileRef = 05B49DC814311E6600CC3B5B /* NSData+AFNetworking.m */; };
		05B49DDF14311E6600CC3B5B /* NSMutableURLRequest+AFNetworking.h in Headers */ = {isa = PBXBuildFile; fileRef = 05B49DC914311E6600CC3B5B /* NSMutableURLRequest+AFNetworking.h */; };
		05B49DE014311E6600CC3B5B /* NSMutableURLRequest+AFNetworking.m in Sources */ = {isa = PBXBuildFile; fileRef = 05B49DCA14311E6600CC3B5B /* NSMutableURLRequest+AFNetworking.m */; };
		05B49DE114311E6600CC3B5B /* NSString+AFNetworking.h in Headers */ = {isa = PBXBuildFile; fileRef = 05B49DCB14311E6600CC3B5B /* NSString+AFNetworking.h */; };
		05B49DE214311E6600CC3B5B /* NSString+AFNetworking.m in Sources */ = {isa = PBXBuildFile; fileRef = 05B49DCC14311E6600CC3B5B /* NSString+AFNetworking.m */; };
		05B49DE314311E6600CC3B5B /* UIImage+AFNetworking.h in Headers */ = {isa = PBXBuildFile; fileRef = 05B49DCD14311E6600CC3B5B /* UIImage+AFNetworking.h */; };
		05B49DE414311E6600CC3B5B /* UIImage+AFNetworking.m in Sources */ = {isa = PBXBuildFile; fileRef = 05B49DCE14311E6600CC3B5B /* UIImage+AFNetworking.m */; };
		05B49DE514311E6600CC3B5B /* UIImageView+AFNetworking.h in Headers */ = {isa = PBXBuildFile; fileRef = 05B49DCF14311E6600CC3B5B /* UIImageView+AFNetworking.h */; };
		05B49DE614311E6600CC3B5B /* UIImageView+AFNetworking.m in Sources */ = {isa = PBXBuildFile; fileRef = 05B49DD014311E6600CC3B5B /* UIImageView+AFNetworking.m */; };
		05B49DE91431227000CC3B5B /* UIKit.framework in Frameworks */ = {isa = PBXBuildFile; fileRef = 05B49DE81431227000CC3B5B /* UIKit.framework */; };
		05B49DEC1431248900CC3B5B /* AFNetworkActivityIndicatorManager.h in Headers */ = {isa = PBXBuildFile; fileRef = 05B49DEA1431248800CC3B5B /* AFNetworkActivityIndicatorManager.h */; };
		05B49DED1431248900CC3B5B /* AFNetworkActivityIndicatorManager.m in Sources */ = {isa = PBXBuildFile; fileRef = 05B49DEB1431248800CC3B5B /* AFNetworkActivityIndicatorManager.m */; };
		05D58BB4142CC4A400BEE267 /* Foundation.framework in Frameworks */ = {isa = PBXBuildFile; fileRef = 05D58BB3142CC4A400BEE267 /* Foundation.framework */; };
		05D58BBA142CC4A400BEE267 /* BugSenseCrashController.m in Sources */ = {isa = PBXBuildFile; fileRef = 05D58BB9142CC4A400BEE267 /* BugSenseCrashController.m */; };
/* End PBXBuildFile section */

/* Begin PBXContainerItemProxy section */
		05D58C0A142CC56800BEE267 /* PBXContainerItemProxy */ = {
			isa = PBXContainerItemProxy;
			containerPortal = 05D58BF2142CC56700BEE267 /* CrashReporter.xcodeproj */;
			proxyType = 2;
			remoteGlobalIDString = 05E731F30EFA1AAB005EDFB7;
			remoteInfo = "CrashReporter-MacOSX-Static";
		};
		05D58C0C142CC56800BEE267 /* PBXContainerItemProxy */ = {
			isa = PBXContainerItemProxy;
			containerPortal = 05D58BF2142CC56700BEE267 /* CrashReporter.xcodeproj */;
			proxyType = 2;
			remoteGlobalIDString = 8DC2EF5B0486A6940098B216;
			remoteInfo = "CrashReporter-MacOSX";
		};
		05D58C0E142CC56800BEE267 /* PBXContainerItemProxy */ = {
			isa = PBXContainerItemProxy;
			containerPortal = 05D58BF2142CC56700BEE267 /* CrashReporter.xcodeproj */;
			proxyType = 2;
			remoteGlobalIDString = 058812B91040582D009128FB;
			remoteInfo = "CrashReporter-iPhone";
		};
		05D58C10142CC56800BEE267 /* PBXContainerItemProxy */ = {
			isa = PBXContainerItemProxy;
			containerPortal = 05D58BF2142CC56700BEE267 /* CrashReporter.xcodeproj */;
			proxyType = 2;
			remoteGlobalIDString = 05CD31520EE936A9000FDE88;
			remoteInfo = "CrashReporter-iPhoneOS";
		};
		05D58C12142CC56800BEE267 /* PBXContainerItemProxy */ = {
			isa = PBXContainerItemProxy;
			containerPortal = 05D58BF2142CC56700BEE267 /* CrashReporter.xcodeproj */;
			proxyType = 2;
			remoteGlobalIDString = 05CD31630EE93905000FDE88;
			remoteInfo = "CrashReporter-iPhoneSimulator";
		};
		05D58C14142CC56800BEE267 /* PBXContainerItemProxy */ = {
			isa = PBXContainerItemProxy;
			containerPortal = 05D58BF2142CC56700BEE267 /* CrashReporter.xcodeproj */;
			proxyType = 2;
			remoteGlobalIDString = 05E731E30EFA1A3E005EDFB7;
			remoteInfo = plcrashutil;
		};
		05D58C16142CC56800BEE267 /* PBXContainerItemProxy */ = {
			isa = PBXContainerItemProxy;
			containerPortal = 05D58BF2142CC56700BEE267 /* CrashReporter.xcodeproj */;
			proxyType = 2;
			remoteGlobalIDString = 05CD32690EE93DC3000FDE88;
			remoteInfo = "Tests-MacOSX";
		};
		05D58C18142CC56800BEE267 /* PBXContainerItemProxy */ = {
			isa = PBXContainerItemProxy;
			containerPortal = 05D58BF2142CC56700BEE267 /* CrashReporter.xcodeproj */;
			proxyType = 2;
			remoteGlobalIDString = 05CD32A90EE94062000FDE88;
			remoteInfo = "Tests-iPhoneSimulator";
		};
		05D58C1A142CC56800BEE267 /* PBXContainerItemProxy */ = {
			isa = PBXContainerItemProxy;
			containerPortal = 05D58BF2142CC56700BEE267 /* CrashReporter.xcodeproj */;
			proxyType = 2;
			remoteGlobalIDString = 05CD33240EE94439000FDE88;
			remoteInfo = "Tests-iPhoneOS";
		};
		05D58C1C142CC56800BEE267 /* PBXContainerItemProxy */ = {
			isa = PBXContainerItemProxy;
			containerPortal = 05D58BF2142CC56700BEE267 /* CrashReporter.xcodeproj */;
			proxyType = 2;
			remoteGlobalIDString = 05F40CE70EF7AB80008050CF;
			remoteInfo = DemoCrash;
		};
		05D58C1E142CC56800BEE267 /* PBXContainerItemProxy */ = {
			isa = PBXContainerItemProxy;
			containerPortal = 05D58BF2142CC56700BEE267 /* CrashReporter.xcodeproj */;
			proxyType = 2;
			remoteGlobalIDString = 050DE24D0F61B80B00152ED3;
			remoteInfo = "Fuzz Testing";
		};
		05D58C9A142CD2FD00BEE267 /* PBXContainerItemProxy */ = {
			isa = PBXContainerItemProxy;
			containerPortal = 05D58BF2142CC56700BEE267 /* CrashReporter.xcodeproj */;
			proxyType = 1;
			remoteGlobalIDString = 05CD31510EE936A9000FDE88;
			remoteInfo = "CrashReporter-iPhoneOS";
		};
/* End PBXContainerItemProxy section */

/* Begin PBXFileReference section */
		05B49DB614311DFC00CC3B5B /* JSONKit.h */ = {isa = PBXFileReference; fileEncoding = 4; lastKnownFileType = sourcecode.c.h; path = JSONKit.h; sourceTree = "<group>"; };
		05B49DB714311DFC00CC3B5B /* JSONKit.m */ = {isa = PBXFileReference; fileEncoding = 4; lastKnownFileType = sourcecode.c.objc; path = JSONKit.m; sourceTree = "<group>"; };
		05B49DBB14311E6600CC3B5B /* AFHTTPRequestOperation.h */ = {isa = PBXFileReference; fileEncoding = 4; lastKnownFileType = sourcecode.c.h; path = AFHTTPRequestOperation.h; sourceTree = "<group>"; };
		05B49DBC14311E6600CC3B5B /* AFHTTPRequestOperation.m */ = {isa = PBXFileReference; fileEncoding = 4; lastKnownFileType = sourcecode.c.objc; path = AFHTTPRequestOperation.m; sourceTree = "<group>"; };
		05B49DBD14311E6600CC3B5B /* AFImageCache.h */ = {isa = PBXFileReference; fileEncoding = 4; lastKnownFileType = sourcecode.c.h; path = AFImageCache.h; sourceTree = "<group>"; };
		05B49DBE14311E6600CC3B5B /* AFImageCache.m */ = {isa = PBXFileReference; fileEncoding = 4; lastKnownFileType = sourcecode.c.objc; path = AFImageCache.m; sourceTree = "<group>"; };
		05B49DBF14311E6600CC3B5B /* AFImageRequestOperation.h */ = {isa = PBXFileReference; fileEncoding = 4; lastKnownFileType = sourcecode.c.h; path = AFImageRequestOperation.h; sourceTree = "<group>"; };
		05B49DC014311E6600CC3B5B /* AFImageRequestOperation.m */ = {isa = PBXFileReference; fileEncoding = 4; lastKnownFileType = sourcecode.c.objc; path = AFImageRequestOperation.m; sourceTree = "<group>"; };
		05B49DC114311E6600CC3B5B /* AFJSONRequestOperation.h */ = {isa = PBXFileReference; fileEncoding = 4; lastKnownFileType = sourcecode.c.h; path = AFJSONRequestOperation.h; sourceTree = "<group>"; };
		05B49DC214311E6600CC3B5B /* AFJSONRequestOperation.m */ = {isa = PBXFileReference; fileEncoding = 4; lastKnownFileType = sourcecode.c.objc; path = AFJSONRequestOperation.m; sourceTree = "<group>"; };
		05B49DC514311E6600CC3B5B /* AFRestClient.h */ = {isa = PBXFileReference; fileEncoding = 4; lastKnownFileType = sourcecode.c.h; path = AFRestClient.h; sourceTree = "<group>"; };
		05B49DC614311E6600CC3B5B /* AFRestClient.m */ = {isa = PBXFileReference; fileEncoding = 4; lastKnownFileType = sourcecode.c.objc; path = AFRestClient.m; sourceTree = "<group>"; };
		05B49DC714311E6600CC3B5B /* NSData+AFNetworking.h */ = {isa = PBXFileReference; fileEncoding = 4; lastKnownFileType = sourcecode.c.h; path = "NSData+AFNetworking.h"; sourceTree = "<group>"; };
		05B49DC814311E6600CC3B5B /* NSData+AFNetworking.m */ = {isa = PBXFileReference; fileEncoding = 4; lastKnownFileType = sourcecode.c.objc; path = "NSData+AFNetworking.m"; sourceTree = "<group>"; };
		05B49DC914311E6600CC3B5B /* NSMutableURLRequest+AFNetworking.h */ = {isa = PBXFileReference; fileEncoding = 4; lastKnownFileType = sourcecode.c.h; path = "NSMutableURLRequest+AFNetworking.h"; sourceTree = "<group>"; };
		05B49DCA14311E6600CC3B5B /* NSMutableURLRequest+AFNetworking.m */ = {isa = PBXFileReference; fileEncoding = 4; lastKnownFileType = sourcecode.c.objc; path = "NSMutableURLRequest+AFNetworking.m"; sourceTree = "<group>"; };
		05B49DCB14311E6600CC3B5B /* NSString+AFNetworking.h */ = {isa = PBXFileReference; fileEncoding = 4; lastKnownFileType = sourcecode.c.h; path = "NSString+AFNetworking.h"; sourceTree = "<group>"; };
		05B49DCC14311E6600CC3B5B /* NSString+AFNetworking.m */ = {isa = PBXFileReference; fileEncoding = 4; lastKnownFileType = sourcecode.c.objc; path = "NSString+AFNetworking.m"; sourceTree = "<group>"; };
		05B49DCD14311E6600CC3B5B /* UIImage+AFNetworking.h */ = {isa = PBXFileReference; fileEncoding = 4; lastKnownFileType = sourcecode.c.h; path = "UIImage+AFNetworking.h"; sourceTree = "<group>"; };
		05B49DCE14311E6600CC3B5B /* UIImage+AFNetworking.m */ = {isa = PBXFileReference; fileEncoding = 4; lastKnownFileType = sourcecode.c.objc; path = "UIImage+AFNetworking.m"; sourceTree = "<group>"; };
		05B49DCF14311E6600CC3B5B /* UIImageView+AFNetworking.h */ = {isa = PBXFileReference; fileEncoding = 4; lastKnownFileType = sourcecode.c.h; path = "UIImageView+AFNetworking.h"; sourceTree = "<group>"; };
		05B49DD014311E6600CC3B5B /* UIImageView+AFNetworking.m */ = {isa = PBXFileReference; fileEncoding = 4; lastKnownFileType = sourcecode.c.objc; path = "UIImageView+AFNetworking.m"; sourceTree = "<group>"; };
		05B49DE81431227000CC3B5B /* UIKit.framework */ = {isa = PBXFileReference; lastKnownFileType = wrapper.framework; name = UIKit.framework; path = System/Library/Frameworks/UIKit.framework; sourceTree = SDKROOT; };
		05B49DEA1431248800CC3B5B /* AFNetworkActivityIndicatorManager.h */ = {isa = PBXFileReference; fileEncoding = 4; lastKnownFileType = sourcecode.c.h; path = AFNetworkActivityIndicatorManager.h; sourceTree = "<group>"; };
		05B49DEB1431248800CC3B5B /* AFNetworkActivityIndicatorManager.m */ = {isa = PBXFileReference; fileEncoding = 4; lastKnownFileType = sourcecode.c.objc; path = AFNetworkActivityIndicatorManager.m; sourceTree = "<group>"; };
		05D58BB0142CC4A400BEE267 /* BugSense-iOS.a */ = {isa = PBXFileReference; explicitFileType = archive.ar; includeInIndex = 0; path = "BugSense-iOS.a"; sourceTree = BUILT_PRODUCTS_DIR; };
		05D58BB3142CC4A400BEE267 /* Foundation.framework */ = {isa = PBXFileReference; lastKnownFileType = wrapper.framework; name = Foundation.framework; path = System/Library/Frameworks/Foundation.framework; sourceTree = SDKROOT; };
		05D58BB7142CC4A400BEE267 /* BugSense-iOS-Prefix.pch */ = {isa = PBXFileReference; lastKnownFileType = sourcecode.c.h; path = "BugSense-iOS-Prefix.pch"; sourceTree = "<group>"; };
		05D58BB8142CC4A400BEE267 /* BugSenseCrashController.h */ = {isa = PBXFileReference; lastKnownFileType = sourcecode.c.h; path = BugSenseCrashController.h; sourceTree = "<group>"; };
		05D58BB9142CC4A400BEE267 /* BugSenseCrashController.m */ = {isa = PBXFileReference; lastKnownFileType = sourcecode.c.objc; path = BugSenseCrashController.m; sourceTree = "<group>"; };
		05D58BF2142CC56700BEE267 /* CrashReporter.xcodeproj */ = {isa = PBXFileReference; lastKnownFileType = "wrapper.pb-project"; name = CrashReporter.xcodeproj; path = CrashReporter/CrashReporter.xcodeproj; sourceTree = "<group>"; };
/* End PBXFileReference section */

/* Begin PBXFrameworksBuildPhase section */
		05D58BAD142CC4A400BEE267 /* Frameworks */ = {
			isa = PBXFrameworksBuildPhase;
			buildActionMask = 2147483647;
			files = (
				05B49DE91431227000CC3B5B /* UIKit.framework in Frameworks */,
				05D58BB4142CC4A400BEE267 /* Foundation.framework in Frameworks */,
			);
			runOnlyForDeploymentPostprocessing = 0;
		};
/* End PBXFrameworksBuildPhase section */

/* Begin PBXGroup section */
		05B49DB514311DEA00CC3B5B /* JSONKit */ = {
			isa = PBXGroup;
			children = (
				05B49DB614311DFC00CC3B5B /* JSONKit.h */,
				05B49DB714311DFC00CC3B5B /* JSONKit.m */,
			);
			name = JSONKit;
			sourceTree = "<group>";
		};
		05B49DBA14311E4F00CC3B5B /* AFNetworking */ = {
			isa = PBXGroup;
			children = (
				05B49DBB14311E6600CC3B5B /* AFHTTPRequestOperation.h */,
				05B49DBC14311E6600CC3B5B /* AFHTTPRequestOperation.m */,
				05B49DBD14311E6600CC3B5B /* AFImageCache.h */,
				05B49DBE14311E6600CC3B5B /* AFImageCache.m */,
				05B49DBF14311E6600CC3B5B /* AFImageRequestOperation.h */,
				05B49DC014311E6600CC3B5B /* AFImageRequestOperation.m */,
				05B49DC114311E6600CC3B5B /* AFJSONRequestOperation.h */,
				05B49DC214311E6600CC3B5B /* AFJSONRequestOperation.m */,
				05B49DEA1431248800CC3B5B /* AFNetworkActivityIndicatorManager.h */,
				05B49DEB1431248800CC3B5B /* AFNetworkActivityIndicatorManager.m */,
				05B49DC514311E6600CC3B5B /* AFRestClient.h */,
				05B49DC614311E6600CC3B5B /* AFRestClient.m */,
				05B49DC714311E6600CC3B5B /* NSData+AFNetworking.h */,
				05B49DC814311E6600CC3B5B /* NSData+AFNetworking.m */,
				05B49DC914311E6600CC3B5B /* NSMutableURLRequest+AFNetworking.h */,
				05B49DCA14311E6600CC3B5B /* NSMutableURLRequest+AFNetworking.m */,
				05B49DCB14311E6600CC3B5B /* NSString+AFNetworking.h */,
				05B49DCC14311E6600CC3B5B /* NSString+AFNetworking.m */,
				05B49DCD14311E6600CC3B5B /* UIImage+AFNetworking.h */,
				05B49DCE14311E6600CC3B5B /* UIImage+AFNetworking.m */,
				05B49DCF14311E6600CC3B5B /* UIImageView+AFNetworking.h */,
				05B49DD014311E6600CC3B5B /* UIImageView+AFNetworking.m */,
			);
			name = AFNetworking;
			sourceTree = "<group>";
		};
		05D58BA5142CC4A400BEE267 = {
			isa = PBXGroup;
			children = (
				05D58BB5142CC4A400BEE267 /* BugSense-iOS */,
				05D58BB2142CC4A400BEE267 /* Frameworks */,
				05D58BB1142CC4A400BEE267 /* Products */,
			);
			sourceTree = "<group>";
		};
		05D58BB1142CC4A400BEE267 /* Products */ = {
			isa = PBXGroup;
			children = (
				05D58BB0142CC4A400BEE267 /* BugSense-iOS.a */,
			);
			name = Products;
			sourceTree = "<group>";
		};
		05D58BB2142CC4A400BEE267 /* Frameworks */ = {
			isa = PBXGroup;
			children = (
				05B49DE81431227000CC3B5B /* UIKit.framework */,
				05D58BB3142CC4A400BEE267 /* Foundation.framework */,
				05D58BF2142CC56700BEE267 /* CrashReporter.xcodeproj */,
			);
			name = Frameworks;
			sourceTree = "<group>";
		};
		05D58BB5142CC4A400BEE267 /* BugSense-iOS */ = {
			isa = PBXGroup;
			children = (
				05D58BB8142CC4A400BEE267 /* BugSenseCrashController.h */,
				05D58BB9142CC4A400BEE267 /* BugSenseCrashController.m */,
				05D58BB6142CC4A400BEE267 /* Supporting Files */,
			);
			path = "BugSense-iOS";
			sourceTree = "<group>";
		};
		05D58BB6142CC4A400BEE267 /* Supporting Files */ = {
			isa = PBXGroup;
			children = (
				05B49DBA14311E4F00CC3B5B /* AFNetworking */,
				05B49DB514311DEA00CC3B5B /* JSONKit */,
				05D58BB7142CC4A400BEE267 /* BugSense-iOS-Prefix.pch */,
			);
			name = "Supporting Files";
			sourceTree = "<group>";
		};
		05D58BF3142CC56700BEE267 /* Products */ = {
			isa = PBXGroup;
			children = (
				05D58C0B142CC56800BEE267 /* libCrashReporter-MacOSX-Static.a */,
				05D58C0D142CC56800BEE267 /* CrashReporter.framework */,
				05D58C0F142CC56800BEE267 /* CrashReporter.framework */,
				05D58C11142CC56800BEE267 /* libCrashReporter-iphoneos.a */,
				05D58C13142CC56800BEE267 /* libCrashReporter.a */,
				05D58C15142CC56800BEE267 /* plcrashutil */,
				05D58C17142CC56800BEE267 /* Tests-MacOSX.octest */,
				05D58C19142CC56800BEE267 /* Tests-iPhoneSimulator.app */,
				05D58C1B142CC56800BEE267 /* Tests-iPhoneOS.app */,
				05D58C1D142CC56800BEE267 /* DemoCrash.app */,
				05D58C1F142CC56800BEE267 /* Fuzz Testing */,
			);
			name = Products;
			sourceTree = "<group>";
		};
/* End PBXGroup section */

/* Begin PBXHeadersBuildPhase section */
		05D58BAE142CC4A400BEE267 /* Headers */ = {
			isa = PBXHeadersBuildPhase;
			buildActionMask = 2147483647;
			files = (
				05B49DB814311DFC00CC3B5B /* JSONKit.h in Headers */,
				05B49DD114311E6600CC3B5B /* AFHTTPRequestOperation.h in Headers */,
				05B49DD314311E6600CC3B5B /* AFImageCache.h in Headers */,
				05B49DD514311E6600CC3B5B /* AFImageRequestOperation.h in Headers */,
				05B49DD714311E6600CC3B5B /* AFJSONRequestOperation.h in Headers */,
				05B49DDB14311E6600CC3B5B /* AFRestClient.h in Headers */,
				05B49DDD14311E6600CC3B5B /* NSData+AFNetworking.h in Headers */,
				05B49DDF14311E6600CC3B5B /* NSMutableURLRequest+AFNetworking.h in Headers */,
				05B49DE114311E6600CC3B5B /* NSString+AFNetworking.h in Headers */,
				05B49DE314311E6600CC3B5B /* UIImage+AFNetworking.h in Headers */,
				05B49DE514311E6600CC3B5B /* UIImageView+AFNetworking.h in Headers */,
				05B49DEC1431248900CC3B5B /* AFNetworkActivityIndicatorManager.h in Headers */,
			);
			runOnlyForDeploymentPostprocessing = 0;
		};
/* End PBXHeadersBuildPhase section */

/* Begin PBXNativeTarget section */
		05D58BAF142CC4A400BEE267 /* BugSense-iOS */ = {
			isa = PBXNativeTarget;
			buildConfigurationList = 05D58BBD142CC4A400BEE267 /* Build configuration list for PBXNativeTarget "BugSense-iOS" */;
			buildPhases = (
				05D58BAC142CC4A400BEE267 /* Sources */,
				05D58BAD142CC4A400BEE267 /* Frameworks */,
				05D58BAE142CC4A400BEE267 /* Headers */,
			);
			buildRules = (
			);
			dependencies = (
				05D58C9B142CD2FD00BEE267 /* PBXTargetDependency */,
			);
			name = "BugSense-iOS";
			productName = "BugSense-iOS";
			productReference = 05D58BB0142CC4A400BEE267 /* BugSense-iOS.a */;
			productType = "com.apple.product-type.library.static";
		};
/* End PBXNativeTarget section */

/* Begin PBXProject section */
		05D58BA7142CC4A400BEE267 /* Project object */ = {
			isa = PBXProject;
			buildConfigurationList = 05D58BAA142CC4A400BEE267 /* Build configuration list for PBXProject "BugSense-iOS" */;
			compatibilityVersion = "Xcode 3.2";
			developmentRegion = English;
			hasScannedForEncodings = 0;
			knownRegions = (
				en,
			);
			mainGroup = 05D58BA5142CC4A400BEE267;
			productRefGroup = 05D58BB1142CC4A400BEE267 /* Products */;
			projectDirPath = "";
			projectReferences = (
				{
					ProductGroup = 05D58BF3142CC56700BEE267 /* Products */;
					ProjectRef = 05D58BF2142CC56700BEE267 /* CrashReporter.xcodeproj */;
				},
			);
			projectRoot = "";
			targets = (
				05D58BAF142CC4A400BEE267 /* BugSense-iOS */,
			);
		};
/* End PBXProject section */

/* Begin PBXReferenceProxy section */
		05D58C0B142CC56800BEE267 /* libCrashReporter-MacOSX-Static.a */ = {
			isa = PBXReferenceProxy;
			fileType = archive.ar;
			path = "libCrashReporter-MacOSX-Static.a";
			remoteRef = 05D58C0A142CC56800BEE267 /* PBXContainerItemProxy */;
			sourceTree = BUILT_PRODUCTS_DIR;
		};
		05D58C0D142CC56800BEE267 /* CrashReporter.framework */ = {
			isa = PBXReferenceProxy;
			fileType = wrapper.framework;
			path = CrashReporter.framework;
			remoteRef = 05D58C0C142CC56800BEE267 /* PBXContainerItemProxy */;
			sourceTree = BUILT_PRODUCTS_DIR;
		};
		05D58C0F142CC56800BEE267 /* CrashReporter.framework */ = {
			isa = PBXReferenceProxy;
			fileType = wrapper.framework;
			path = CrashReporter.framework;
			remoteRef = 05D58C0E142CC56800BEE267 /* PBXContainerItemProxy */;
			sourceTree = BUILT_PRODUCTS_DIR;
		};
		05D58C11142CC56800BEE267 /* libCrashReporter-iphoneos.a */ = {
			isa = PBXReferenceProxy;
			fileType = archive.ar;
			path = "libCrashReporter-iphoneos.a";
			remoteRef = 05D58C10142CC56800BEE267 /* PBXContainerItemProxy */;
			sourceTree = BUILT_PRODUCTS_DIR;
		};
		05D58C13142CC56800BEE267 /* libCrashReporter.a */ = {
			isa = PBXReferenceProxy;
			fileType = archive.ar;
			path = libCrashReporter.a;
			remoteRef = 05D58C12142CC56800BEE267 /* PBXContainerItemProxy */;
			sourceTree = BUILT_PRODUCTS_DIR;
		};
		05D58C15142CC56800BEE267 /* plcrashutil */ = {
			isa = PBXReferenceProxy;
			fileType = "compiled.mach-o.executable";
			path = plcrashutil;
			remoteRef = 05D58C14142CC56800BEE267 /* PBXContainerItemProxy */;
			sourceTree = BUILT_PRODUCTS_DIR;
		};
		05D58C17142CC56800BEE267 /* Tests-MacOSX.octest */ = {
			isa = PBXReferenceProxy;
			fileType = wrapper.cfbundle;
			path = "Tests-MacOSX.octest";
			remoteRef = 05D58C16142CC56800BEE267 /* PBXContainerItemProxy */;
			sourceTree = BUILT_PRODUCTS_DIR;
		};
		05D58C19142CC56800BEE267 /* Tests-iPhoneSimulator.app */ = {
			isa = PBXReferenceProxy;
			fileType = wrapper.application;
			path = "Tests-iPhoneSimulator.app";
			remoteRef = 05D58C18142CC56800BEE267 /* PBXContainerItemProxy */;
			sourceTree = BUILT_PRODUCTS_DIR;
		};
		05D58C1B142CC56800BEE267 /* Tests-iPhoneOS.app */ = {
			isa = PBXReferenceProxy;
			fileType = wrapper.application;
			path = "Tests-iPhoneOS.app";
			remoteRef = 05D58C1A142CC56800BEE267 /* PBXContainerItemProxy */;
			sourceTree = BUILT_PRODUCTS_DIR;
		};
		05D58C1D142CC56800BEE267 /* DemoCrash.app */ = {
			isa = PBXReferenceProxy;
			fileType = wrapper.application;
			path = DemoCrash.app;
			remoteRef = 05D58C1C142CC56800BEE267 /* PBXContainerItemProxy */;
			sourceTree = BUILT_PRODUCTS_DIR;
		};
		05D58C1F142CC56800BEE267 /* Fuzz Testing */ = {
			isa = PBXReferenceProxy;
			fileType = "compiled.mach-o.executable";
			path = "Fuzz Testing";
			remoteRef = 05D58C1E142CC56800BEE267 /* PBXContainerItemProxy */;
			sourceTree = BUILT_PRODUCTS_DIR;
		};
/* End PBXReferenceProxy section */

/* Begin PBXSourcesBuildPhase section */
		05D58BAC142CC4A400BEE267 /* Sources */ = {
			isa = PBXSourcesBuildPhase;
			buildActionMask = 2147483647;
			files = (
				05D58BBA142CC4A400BEE267 /* BugSenseCrashController.m in Sources */,
				05B49DB914311DFC00CC3B5B /* JSONKit.m in Sources */,
				05B49DD214311E6600CC3B5B /* AFHTTPRequestOperation.m in Sources */,
				05B49DD414311E6600CC3B5B /* AFImageCache.m in Sources */,
				05B49DD614311E6600CC3B5B /* AFImageRequestOperation.m in Sources */,
				05B49DD814311E6600CC3B5B /* AFJSONRequestOperation.m in Sources */,
				05B49DDC14311E6600CC3B5B /* AFRestClient.m in Sources */,
				05B49DDE14311E6600CC3B5B /* NSData+AFNetworking.m in Sources */,
				05B49DE014311E6600CC3B5B /* NSMutableURLRequest+AFNetworking.m in Sources */,
				05B49DE214311E6600CC3B5B /* NSString+AFNetworking.m in Sources */,
				05B49DE414311E6600CC3B5B /* UIImage+AFNetworking.m in Sources */,
				05B49DE614311E6600CC3B5B /* UIImageView+AFNetworking.m in Sources */,
				05B49DED1431248900CC3B5B /* AFNetworkActivityIndicatorManager.m in Sources */,
			);
			runOnlyForDeploymentPostprocessing = 0;
		};
/* End PBXSourcesBuildPhase section */

/* Begin PBXTargetDependency section */
		05D58C9B142CD2FD00BEE267 /* PBXTargetDependency */ = {
			isa = PBXTargetDependency;
			name = "CrashReporter-iPhoneOS";
			targetProxy = 05D58C9A142CD2FD00BEE267 /* PBXContainerItemProxy */;
		};
/* End PBXTargetDependency section */

/* Begin XCBuildConfiguration section */
		05D58BBB142CC4A400BEE267 /* Debug */ = {
			isa = XCBuildConfiguration;
			buildSettings = {
				ALWAYS_SEARCH_USER_PATHS = NO;
				ARCHS = "$(ARCHS_STANDARD_32_BIT)";
				COPY_PHASE_STRIP = NO;
				GCC_C_LANGUAGE_STANDARD = gnu99;
				GCC_DYNAMIC_NO_PIC = NO;
				GCC_OPTIMIZATION_LEVEL = 0;
				GCC_PREPROCESSOR_DEFINITIONS = (
					"DEBUG=1",
					"$(inherited)",
				);
				GCC_SYMBOLS_PRIVATE_EXTERN = NO;
				GCC_VERSION = com.apple.compilers.llvm.clang.1_0;
				GCC_WARN_ABOUT_MISSING_PROTOTYPES = YES;
				GCC_WARN_ABOUT_RETURN_TYPE = YES;
				GCC_WARN_UNUSED_VARIABLE = YES;
				IPHONEOS_DEPLOYMENT_TARGET = 3.0;
				SDKROOT = iphoneos;
			};
			name = Debug;
		};
		05D58BBC142CC4A400BEE267 /* Release */ = {
			isa = XCBuildConfiguration;
			buildSettings = {
				ALWAYS_SEARCH_USER_PATHS = NO;
				ARCHS = "$(ARCHS_STANDARD_32_BIT)";
				COPY_PHASE_STRIP = YES;
				GCC_C_LANGUAGE_STANDARD = gnu99;
				GCC_VERSION = com.apple.compilers.llvm.clang.1_0;
				GCC_WARN_ABOUT_MISSING_PROTOTYPES = YES;
				GCC_WARN_ABOUT_RETURN_TYPE = YES;
				GCC_WARN_UNUSED_VARIABLE = YES;
				IPHONEOS_DEPLOYMENT_TARGET = 3.0;
				SDKROOT = iphoneos;
				VALIDATE_PRODUCT = YES;
			};
			name = Release;
		};
		05D58BBE142CC4A400BEE267 /* Debug */ = {
			isa = XCBuildConfiguration;
			buildSettings = {
				ARCHS = "$(ARCHS_STANDARD_32_BIT)";
				DSTROOT = /tmp/BugSense_iOS.dst;
				EXECUTABLE_PREFIX = "";
				GCC_PRECOMPILE_PREFIX_HEADER = YES;
				GCC_PREFIX_HEADER = "BugSense-iOS/BugSense-iOS-Prefix.pch";
				HEADER_SEARCH_PATHS = "\"$(SRCROOT)/CrashReporter/Source\"";
				IPHONEOS_DEPLOYMENT_TARGET = 3.0;
				OTHER_LDFLAGS = "-ObjC";
				PRODUCT_NAME = "$(TARGET_NAME)";
				SKIP_INSTALL = YES;
				USER_HEADER_SEARCH_PATHS = "$(SRCROOT)/CrashReporter/Source/**";
			};
			name = Debug;
		};
		05D58BBF142CC4A400BEE267 /* Release */ = {
			isa = XCBuildConfiguration;
			buildSettings = {
				ARCHS = "$(ARCHS_STANDARD_32_BIT)";
				DSTROOT = /tmp/BugSense_iOS.dst;
				EXECUTABLE_PREFIX = "";
				GCC_PRECOMPILE_PREFIX_HEADER = YES;
				GCC_PREFIX_HEADER = "BugSense-iOS/BugSense-iOS-Prefix.pch";
				HEADER_SEARCH_PATHS = "\"$(SRCROOT)/CrashReporter/Source\"";
				IPHONEOS_DEPLOYMENT_TARGET = 3.0;
				OTHER_LDFLAGS = "-ObjC";
				PRODUCT_NAME = "$(TARGET_NAME)";
				SKIP_INSTALL = YES;
				USER_HEADER_SEARCH_PATHS = "$(SRCROOT)/CrashReporter/Source/**";
			};
			name = Release;
		};
/* End XCBuildConfiguration section */

/* Begin XCConfigurationList section */
		05D58BAA142CC4A400BEE267 /* Build configuration list for PBXProject "BugSense-iOS" */ = {
			isa = XCConfigurationList;
			buildConfigurations = (
				05D58BBB142CC4A400BEE267 /* Debug */,
				05D58BBC142CC4A400BEE267 /* Release */,
			);
			defaultConfigurationIsVisible = 0;
			defaultConfigurationName = Release;
		};
		05D58BBD142CC4A400BEE267 /* Build configuration list for PBXNativeTarget "BugSense-iOS" */ = {
			isa = XCConfigurationList;
			buildConfigurations = (
				05D58BBE142CC4A400BEE267 /* Debug */,
				05D58BBF142CC4A400BEE267 /* Release */,
			);
			defaultConfigurationIsVisible = 0;
			defaultConfigurationName = Release;
		};
/* End XCConfigurationList section */
	};
	rootObject = 05D58BA7142CC4A400BEE267 /* Project object */;
}
