// !$*UTF8*$!
{
	archiveVersion = 1;
	classes = {
	};
	objectVersion = 46;
	objects = {

/* Begin PBXBuildFile section */
		05086E96143BBFC6008A8411 /* BugSenseCrashController.h in Headers */ = {isa = PBXBuildFile; fileRef = 05086E92143BBFC6008A8411 /* BugSenseCrashController.h */; settings = {ATTRIBUTES = (Public, ); }; };
		058D4C11143BC2AD002A01CA /* BugSenseCrashController.m in Sources */ = {isa = PBXBuildFile; fileRef = 05086E93143BBFC6008A8411 /* BugSenseCrashController.m */; };
		058D4C30143BC2D6002A01CA /* BSAFHTTPRequestOperation.h in Headers */ = {isa = PBXBuildFile; fileRef = 058D4C14143BC2D6002A01CA /* BSAFHTTPRequestOperation.h */; settings = {ATTRIBUTES = (Private, ); }; };
		058D4C31143BC2D6002A01CA /* BSAFHTTPRequestOperation.m in Sources */ = {isa = PBXBuildFile; fileRef = 058D4C15143BC2D6002A01CA /* BSAFHTTPRequestOperation.m */; };
		058D4C32143BC2D6002A01CA /* BSAFImageCache.h in Headers */ = {isa = PBXBuildFile; fileRef = 058D4C16143BC2D6002A01CA /* BSAFImageCache.h */; settings = {ATTRIBUTES = (Private, ); }; };
		058D4C33143BC2D6002A01CA /* BSAFImageCache.m in Sources */ = {isa = PBXBuildFile; fileRef = 058D4C17143BC2D6002A01CA /* BSAFImageCache.m */; };
		058D4C34143BC2D6002A01CA /* BSAFImageRequestOperation.h in Headers */ = {isa = PBXBuildFile; fileRef = 058D4C18143BC2D6002A01CA /* BSAFImageRequestOperation.h */; settings = {ATTRIBUTES = (Private, ); }; };
		058D4C35143BC2D6002A01CA /* BSAFImageRequestOperation.m in Sources */ = {isa = PBXBuildFile; fileRef = 058D4C19143BC2D6002A01CA /* BSAFImageRequestOperation.m */; };
		058D4C36143BC2D6002A01CA /* BSAFJSONRequestOperation.h in Headers */ = {isa = PBXBuildFile; fileRef = 058D4C1A143BC2D6002A01CA /* BSAFJSONRequestOperation.h */; settings = {ATTRIBUTES = (Private, ); }; };
		058D4C37143BC2D6002A01CA /* BSAFJSONRequestOperation.m in Sources */ = {isa = PBXBuildFile; fileRef = 058D4C1B143BC2D6002A01CA /* BSAFJSONRequestOperation.m */; };
		058D4C38143BC2D6002A01CA /* BSAFNetworkActivityIndicatorManager.h in Headers */ = {isa = PBXBuildFile; fileRef = 058D4C1C143BC2D6002A01CA /* BSAFNetworkActivityIndicatorManager.h */; settings = {ATTRIBUTES = (Private, ); }; };
		058D4C39143BC2D6002A01CA /* BSAFNetworkActivityIndicatorManager.m in Sources */ = {isa = PBXBuildFile; fileRef = 058D4C1D143BC2D6002A01CA /* BSAFNetworkActivityIndicatorManager.m */; };
		058D4C3E143BC2D6002A01CA /* NSMutableURLRequest+AFNetworking.h in Headers */ = {isa = PBXBuildFile; fileRef = 058D4C22143BC2D6002A01CA /* NSMutableURLRequest+AFNetworking.h */; settings = {ATTRIBUTES = (Private, ); }; };
		058D4C3F143BC2D6002A01CA /* NSMutableURLRequest+AFNetworking.m in Sources */ = {isa = PBXBuildFile; fileRef = 058D4C23143BC2D6002A01CA /* NSMutableURLRequest+AFNetworking.m */; };
		058D4C40143BC2D6002A01CA /* NSString+AFNetworking.h in Headers */ = {isa = PBXBuildFile; fileRef = 058D4C24143BC2D6002A01CA /* NSString+AFNetworking.h */; settings = {ATTRIBUTES = (Private, ); }; };
		058D4C41143BC2D6002A01CA /* NSString+AFNetworking.m in Sources */ = {isa = PBXBuildFile; fileRef = 058D4C25143BC2D6002A01CA /* NSString+AFNetworking.m */; };
		058D4C42143BC2D6002A01CA /* UIImage+AFNetworking.h in Headers */ = {isa = PBXBuildFile; fileRef = 058D4C26143BC2D6002A01CA /* UIImage+AFNetworking.h */; settings = {ATTRIBUTES = (Private, ); }; };
		058D4C43143BC2D6002A01CA /* UIImage+AFNetworking.m in Sources */ = {isa = PBXBuildFile; fileRef = 058D4C27143BC2D6002A01CA /* UIImage+AFNetworking.m */; };
		058D4C44143BC2D6002A01CA /* UIImageView+AFNetworking.h in Headers */ = {isa = PBXBuildFile; fileRef = 058D4C28143BC2D6002A01CA /* UIImageView+AFNetworking.h */; settings = {ATTRIBUTES = (Private, ); }; };
		058D4C45143BC2D6002A01CA /* UIImageView+AFNetworking.m in Sources */ = {isa = PBXBuildFile; fileRef = 058D4C29143BC2D6002A01CA /* UIImageView+AFNetworking.m */; };
		058D4C46143BC2D6002A01CA /* JSONKit.h in Headers */ = {isa = PBXBuildFile; fileRef = 058D4C2B143BC2D6002A01CA /* JSONKit.h */; settings = {ATTRIBUTES = (Private, ); }; };
		058D4C47143BC2D6002A01CA /* JSONKit.m in Sources */ = {isa = PBXBuildFile; fileRef = 058D4C2C143BC2D6002A01CA /* JSONKit.m */; };
		058D4C48143BC2D6002A01CA /* BSReachability.h in Headers */ = {isa = PBXBuildFile; fileRef = 058D4C2E143BC2D6002A01CA /* BSReachability.h */; settings = {ATTRIBUTES = (Private, ); }; };
		058D4C49143BC2D6002A01CA /* BSReachability.m in Sources */ = {isa = PBXBuildFile; fileRef = 058D4C2F143BC2D6002A01CA /* BSReachability.m */; };
		058D4C4F143BC2EE002A01CA /* BugSense-iOS-Prefix.pch in Headers */ = {isa = PBXBuildFile; fileRef = 058D4C4B143BC2EE002A01CA /* BugSense-iOS-Prefix.pch */; settings = {ATTRIBUTES = (Private, ); }; };
		058D4C50143BC2EE002A01CA /* InfoPlist.strings in Resources */ = {isa = PBXBuildFile; fileRef = 058D4C4C143BC2EE002A01CA /* InfoPlist.strings */; };
		05B0BF8F14487F8A00ECFF3F /* BSAFRestClient.h in Headers */ = {isa = PBXBuildFile; fileRef = 05B0BF8B14487F8900ECFF3F /* BSAFRestClient.h */; };
		05B0BF9014487F8A00ECFF3F /* BSAFRestClient.m in Sources */ = {isa = PBXBuildFile; fileRef = 05B0BF8C14487F8A00ECFF3F /* BSAFRestClient.m */; };
		05F985F714476EEE00D65AC0 /* libCrashReporter-iphoneos.a in Frameworks */ = {isa = PBXBuildFile; fileRef = 05C9B0991435C90800343267 /* libCrashReporter-iphoneos.a */; };
/* End PBXBuildFile section */

/* Begin PBXContainerItemProxy section */
		05086E52143BB348008A8411 /* PBXContainerItemProxy */ = {
			isa = PBXContainerItemProxy;
			containerPortal = 05C9B07A1435C90700343267 /* CrashReporter.xcodeproj */;
			proxyType = 2;
			remoteGlobalIDString = 052A45CF136353FB00987004;
			remoteInfo = "DemoCrash-iOS-Device";
		};
		05086E54143BB348008A8411 /* PBXContainerItemProxy */ = {
			isa = PBXContainerItemProxy;
			containerPortal = 05C9B07A1435C90700343267 /* CrashReporter.xcodeproj */;
			proxyType = 2;
			remoteGlobalIDString = 052A464F136355FD00987004;
			remoteInfo = "DemoCrash-iOS-Simulator";
		};
		05C9B0921435C90800343267 /* PBXContainerItemProxy */ = {
			isa = PBXContainerItemProxy;
			containerPortal = 05C9B07A1435C90700343267 /* CrashReporter.xcodeproj */;
			proxyType = 2;
			remoteGlobalIDString = 05E731F30EFA1AAB005EDFB7;
			remoteInfo = "CrashReporter-MacOSX-Static";
		};
		05C9B0941435C90800343267 /* PBXContainerItemProxy */ = {
			isa = PBXContainerItemProxy;
			containerPortal = 05C9B07A1435C90700343267 /* CrashReporter.xcodeproj */;
			proxyType = 2;
			remoteGlobalIDString = 8DC2EF5B0486A6940098B216;
			remoteInfo = "CrashReporter-MacOSX";
		};
		05C9B0961435C90800343267 /* PBXContainerItemProxy */ = {
			isa = PBXContainerItemProxy;
			containerPortal = 05C9B07A1435C90700343267 /* CrashReporter.xcodeproj */;
			proxyType = 2;
			remoteGlobalIDString = 058812B91040582D009128FB;
			remoteInfo = "CrashReporter-iPhone";
		};
		05C9B0981435C90800343267 /* PBXContainerItemProxy */ = {
			isa = PBXContainerItemProxy;
			containerPortal = 05C9B07A1435C90700343267 /* CrashReporter.xcodeproj */;
			proxyType = 2;
			remoteGlobalIDString = 05CD31520EE936A9000FDE88;
			remoteInfo = "CrashReporter-iPhoneOS";
		};
		05C9B09A1435C90800343267 /* PBXContainerItemProxy */ = {
			isa = PBXContainerItemProxy;
			containerPortal = 05C9B07A1435C90700343267 /* CrashReporter.xcodeproj */;
			proxyType = 2;
			remoteGlobalIDString = 05CD31630EE93905000FDE88;
			remoteInfo = "CrashReporter-iPhoneSimulator";
		};
		05C9B09C1435C90800343267 /* PBXContainerItemProxy */ = {
			isa = PBXContainerItemProxy;
			containerPortal = 05C9B07A1435C90700343267 /* CrashReporter.xcodeproj */;
			proxyType = 2;
			remoteGlobalIDString = 05E731E30EFA1A3E005EDFB7;
			remoteInfo = plcrashutil;
		};
		05C9B09E1435C90800343267 /* PBXContainerItemProxy */ = {
			isa = PBXContainerItemProxy;
			containerPortal = 05C9B07A1435C90700343267 /* CrashReporter.xcodeproj */;
			proxyType = 2;
			remoteGlobalIDString = 05CD32690EE93DC3000FDE88;
			remoteInfo = "Tests-MacOSX";
		};
		05C9B0A01435C90800343267 /* PBXContainerItemProxy */ = {
			isa = PBXContainerItemProxy;
			containerPortal = 05C9B07A1435C90700343267 /* CrashReporter.xcodeproj */;
			proxyType = 2;
			remoteGlobalIDString = 05CD32A90EE94062000FDE88;
			remoteInfo = "Tests-iPhoneSimulator";
		};
		05C9B0A21435C90800343267 /* PBXContainerItemProxy */ = {
			isa = PBXContainerItemProxy;
			containerPortal = 05C9B07A1435C90700343267 /* CrashReporter.xcodeproj */;
			proxyType = 2;
			remoteGlobalIDString = 05CD33240EE94439000FDE88;
			remoteInfo = "Tests-iPhoneOS";
		};
		05C9B0A41435C90800343267 /* PBXContainerItemProxy */ = {
			isa = PBXContainerItemProxy;
			containerPortal = 05C9B07A1435C90700343267 /* CrashReporter.xcodeproj */;
			proxyType = 2;
			remoteGlobalIDString = 05F40CE70EF7AB80008050CF;
			remoteInfo = DemoCrash;
		};
		05C9B0A61435C90800343267 /* PBXContainerItemProxy */ = {
			isa = PBXContainerItemProxy;
			containerPortal = 05C9B07A1435C90700343267 /* CrashReporter.xcodeproj */;
			proxyType = 2;
			remoteGlobalIDString = 050DE24D0F61B80B00152ED3;
			remoteInfo = "Fuzz Testing";
		};
		05F985F514476EEA00D65AC0 /* PBXContainerItemProxy */ = {
			isa = PBXContainerItemProxy;
			containerPortal = 05C9B07A1435C90700343267 /* CrashReporter.xcodeproj */;
			proxyType = 1;
			remoteGlobalIDString = 05CD31510EE936A9000FDE88;
			remoteInfo = "CrashReporter-iOS-Device";
		};
/* End PBXContainerItemProxy section */

/* Begin PBXFileReference section */
		05086E6D143BB8AB008A8411 /* BugSense-iOS.framework */ = {isa = PBXFileReference; explicitFileType = wrapper.framework.static; includeInIndex = 0; path = "BugSense-iOS.framework"; sourceTree = BUILT_PRODUCTS_DIR; };
		05086E92143BBFC6008A8411 /* BugSenseCrashController.h */ = {isa = PBXFileReference; fileEncoding = 4; lastKnownFileType = sourcecode.c.h; name = BugSenseCrashController.h; path = "BugSense-iOS/BugSenseCrashController.h"; sourceTree = SOURCE_ROOT; };
		05086E93143BBFC6008A8411 /* BugSenseCrashController.m */ = {isa = PBXFileReference; fileEncoding = 4; lastKnownFileType = sourcecode.c.objc; name = BugSenseCrashController.m; path = "BugSense-iOS/BugSenseCrashController.m"; sourceTree = SOURCE_ROOT; };
		058D4C14143BC2D6002A01CA /* BSAFHTTPRequestOperation.h */ = {isa = PBXFileReference; fileEncoding = 4; lastKnownFileType = sourcecode.c.h; path = BSAFHTTPRequestOperation.h; sourceTree = "<group>"; };
		058D4C15143BC2D6002A01CA /* BSAFHTTPRequestOperation.m */ = {isa = PBXFileReference; fileEncoding = 4; lastKnownFileType = sourcecode.c.objc; path = BSAFHTTPRequestOperation.m; sourceTree = "<group>"; };
		058D4C16143BC2D6002A01CA /* BSAFImageCache.h */ = {isa = PBXFileReference; fileEncoding = 4; lastKnownFileType = sourcecode.c.h; path = BSAFImageCache.h; sourceTree = "<group>"; };
		058D4C17143BC2D6002A01CA /* BSAFImageCache.m */ = {isa = PBXFileReference; fileEncoding = 4; lastKnownFileType = sourcecode.c.objc; path = BSAFImageCache.m; sourceTree = "<group>"; };
		058D4C18143BC2D6002A01CA /* BSAFImageRequestOperation.h */ = {isa = PBXFileReference; fileEncoding = 4; lastKnownFileType = sourcecode.c.h; path = BSAFImageRequestOperation.h; sourceTree = "<group>"; };
		058D4C19143BC2D6002A01CA /* BSAFImageRequestOperation.m */ = {isa = PBXFileReference; fileEncoding = 4; lastKnownFileType = sourcecode.c.objc; path = BSAFImageRequestOperation.m; sourceTree = "<group>"; };
		058D4C1A143BC2D6002A01CA /* BSAFJSONRequestOperation.h */ = {isa = PBXFileReference; fileEncoding = 4; lastKnownFileType = sourcecode.c.h; path = BSAFJSONRequestOperation.h; sourceTree = "<group>"; };
		058D4C1B143BC2D6002A01CA /* BSAFJSONRequestOperation.m */ = {isa = PBXFileReference; fileEncoding = 4; lastKnownFileType = sourcecode.c.objc; path = BSAFJSONRequestOperation.m; sourceTree = "<group>"; };
		058D4C1C143BC2D6002A01CA /* BSAFNetworkActivityIndicatorManager.h */ = {isa = PBXFileReference; fileEncoding = 4; lastKnownFileType = sourcecode.c.h; path = BSAFNetworkActivityIndicatorManager.h; sourceTree = "<group>"; };
		058D4C1D143BC2D6002A01CA /* BSAFNetworkActivityIndicatorManager.m */ = {isa = PBXFileReference; fileEncoding = 4; lastKnownFileType = sourcecode.c.objc; path = BSAFNetworkActivityIndicatorManager.m; sourceTree = "<group>"; };
		058D4C22143BC2D6002A01CA /* NSMutableURLRequest+AFNetworking.h */ = {isa = PBXFileReference; fileEncoding = 4; lastKnownFileType = sourcecode.c.h; path = "NSMutableURLRequest+AFNetworking.h"; sourceTree = "<group>"; };
		058D4C23143BC2D6002A01CA /* NSMutableURLRequest+AFNetworking.m */ = {isa = PBXFileReference; fileEncoding = 4; lastKnownFileType = sourcecode.c.objc; path = "NSMutableURLRequest+AFNetworking.m"; sourceTree = "<group>"; };
		058D4C24143BC2D6002A01CA /* NSString+AFNetworking.h */ = {isa = PBXFileReference; fileEncoding = 4; lastKnownFileType = sourcecode.c.h; path = "NSString+AFNetworking.h"; sourceTree = "<group>"; };
		058D4C25143BC2D6002A01CA /* NSString+AFNetworking.m */ = {isa = PBXFileReference; fileEncoding = 4; lastKnownFileType = sourcecode.c.objc; path = "NSString+AFNetworking.m"; sourceTree = "<group>"; };
		058D4C26143BC2D6002A01CA /* UIImage+AFNetworking.h */ = {isa = PBXFileReference; fileEncoding = 4; lastKnownFileType = sourcecode.c.h; path = "UIImage+AFNetworking.h"; sourceTree = "<group>"; };
		058D4C27143BC2D6002A01CA /* UIImage+AFNetworking.m */ = {isa = PBXFileReference; fileEncoding = 4; lastKnownFileType = sourcecode.c.objc; path = "UIImage+AFNetworking.m"; sourceTree = "<group>"; };
		058D4C28143BC2D6002A01CA /* UIImageView+AFNetworking.h */ = {isa = PBXFileReference; fileEncoding = 4; lastKnownFileType = sourcecode.c.h; path = "UIImageView+AFNetworking.h"; sourceTree = "<group>"; };
		058D4C29143BC2D6002A01CA /* UIImageView+AFNetworking.m */ = {isa = PBXFileReference; fileEncoding = 4; lastKnownFileType = sourcecode.c.objc; path = "UIImageView+AFNetworking.m"; sourceTree = "<group>"; };
		058D4C2B143BC2D6002A01CA /* JSONKit.h */ = {isa = PBXFileReference; fileEncoding = 4; lastKnownFileType = sourcecode.c.h; path = JSONKit.h; sourceTree = "<group>"; };
		058D4C2C143BC2D6002A01CA /* JSONKit.m */ = {isa = PBXFileReference; fileEncoding = 4; lastKnownFileType = sourcecode.c.objc; path = JSONKit.m; sourceTree = "<group>"; };
		058D4C2E143BC2D6002A01CA /* BSReachability.h */ = {isa = PBXFileReference; fileEncoding = 4; lastKnownFileType = sourcecode.c.h; path = BSReachability.h; sourceTree = "<group>"; };
		058D4C2F143BC2D6002A01CA /* BSReachability.m */ = {isa = PBXFileReference; fileEncoding = 4; lastKnownFileType = sourcecode.c.objc; path = BSReachability.m; sourceTree = "<group>"; };
		058D4C4A143BC2EE002A01CA /* BugSense-iOS-Info.plist */ = {isa = PBXFileReference; fileEncoding = 4; lastKnownFileType = text.plist.xml; name = "BugSense-iOS-Info.plist"; path = "BugSense-iOS/BugSense-iOS-Info.plist"; sourceTree = SOURCE_ROOT; };
		058D4C4B143BC2EE002A01CA /* BugSense-iOS-Prefix.pch */ = {isa = PBXFileReference; fileEncoding = 4; lastKnownFileType = sourcecode.c.h; name = "BugSense-iOS-Prefix.pch"; path = "BugSense-iOS/BugSense-iOS-Prefix.pch"; sourceTree = SOURCE_ROOT; };
		058D4C4D143BC2EE002A01CA /* en */ = {isa = PBXFileReference; lastKnownFileType = text.plist.strings; name = en; path = "BugSense-iOS/en.lproj/InfoPlist.strings"; sourceTree = SOURCE_ROOT; };
		05B0BF8B14487F8900ECFF3F /* BSAFRestClient.h */ = {isa = PBXFileReference; fileEncoding = 4; lastKnownFileType = sourcecode.c.h; path = BSAFRestClient.h; sourceTree = "<group>"; };
		05B0BF8C14487F8A00ECFF3F /* BSAFRestClient.m */ = {isa = PBXFileReference; fileEncoding = 4; lastKnownFileType = sourcecode.c.objc; path = BSAFRestClient.m; sourceTree = "<group>"; };
		05C9B07A1435C90700343267 /* CrashReporter.xcodeproj */ = {isa = PBXFileReference; lastKnownFileType = "wrapper.pb-project"; name = CrashReporter.xcodeproj; path = Frameworks/CrashReporter/CrashReporter.xcodeproj; sourceTree = "<group>"; };
/* End PBXFileReference section */

/* Begin PBXFrameworksBuildPhase section */
		05086E68143BB8AB008A8411 /* Frameworks */ = {
			isa = PBXFrameworksBuildPhase;
			buildActionMask = 2147483647;
			files = (
				05F985F714476EEE00D65AC0 /* libCrashReporter-iphoneos.a in Frameworks */,
			);
			runOnlyForDeploymentPostprocessing = 0;
		};
/* End PBXFrameworksBuildPhase section */

/* Begin PBXGroup section */
		05086E6F143BB8AC008A8411 /* BugSense-iOS */ = {
			isa = PBXGroup;
			children = (
				05086E92143BBFC6008A8411 /* BugSenseCrashController.h */,
				05086E93143BBFC6008A8411 /* BugSenseCrashController.m */,
				058D4C12143BC2D6002A01CA /* Supporting Files */,
			);
			name = "BugSense-iOS";
			path = "BugSense-iOS-Universal";
			sourceTree = "<group>";
		};
		058D4C12143BC2D6002A01CA /* Supporting Files */ = {
			isa = PBXGroup;
			children = (
				058D4C4A143BC2EE002A01CA /* BugSense-iOS-Info.plist */,
				058D4C4B143BC2EE002A01CA /* BugSense-iOS-Prefix.pch */,
				058D4C4C143BC2EE002A01CA /* InfoPlist.strings */,
				058D4C13143BC2D6002A01CA /* AFNetworking */,
				058D4C2A143BC2D6002A01CA /* JSONKit */,
				058D4C2D143BC2D6002A01CA /* Reachability */,
			);
			path = "Supporting Files";
			sourceTree = SOURCE_ROOT;
		};
		058D4C13143BC2D6002A01CA /* AFNetworking */ = {
			isa = PBXGroup;
			children = (
				05B0BF8B14487F8900ECFF3F /* BSAFRestClient.h */,
				05B0BF8C14487F8A00ECFF3F /* BSAFRestClient.m */,
				058D4C14143BC2D6002A01CA /* BSAFHTTPRequestOperation.h */,
				058D4C15143BC2D6002A01CA /* BSAFHTTPRequestOperation.m */,
				058D4C16143BC2D6002A01CA /* BSAFImageCache.h */,
				058D4C17143BC2D6002A01CA /* BSAFImageCache.m */,
				058D4C18143BC2D6002A01CA /* BSAFImageRequestOperation.h */,
				058D4C19143BC2D6002A01CA /* BSAFImageRequestOperation.m */,
				058D4C1A143BC2D6002A01CA /* BSAFJSONRequestOperation.h */,
				058D4C1B143BC2D6002A01CA /* BSAFJSONRequestOperation.m */,
				058D4C1C143BC2D6002A01CA /* BSAFNetworkActivityIndicatorManager.h */,
				058D4C1D143BC2D6002A01CA /* BSAFNetworkActivityIndicatorManager.m */,
				058D4C22143BC2D6002A01CA /* NSMutableURLRequest+AFNetworking.h */,
				058D4C23143BC2D6002A01CA /* NSMutableURLRequest+AFNetworking.m */,
				058D4C24143BC2D6002A01CA /* NSString+AFNetworking.h */,
				058D4C25143BC2D6002A01CA /* NSString+AFNetworking.m */,
				058D4C26143BC2D6002A01CA /* UIImage+AFNetworking.h */,
				058D4C27143BC2D6002A01CA /* UIImage+AFNetworking.m */,
				058D4C28143BC2D6002A01CA /* UIImageView+AFNetworking.h */,
				058D4C29143BC2D6002A01CA /* UIImageView+AFNetworking.m */,
			);
			path = AFNetworking;
			sourceTree = "<group>";
		};
		058D4C2A143BC2D6002A01CA /* JSONKit */ = {
			isa = PBXGroup;
			children = (
				058D4C2B143BC2D6002A01CA /* JSONKit.h */,
				058D4C2C143BC2D6002A01CA /* JSONKit.m */,
			);
			path = JSONKit;
			sourceTree = "<group>";
		};
		058D4C2D143BC2D6002A01CA /* Reachability */ = {
			isa = PBXGroup;
			children = (
				058D4C2E143BC2D6002A01CA /* BSReachability.h */,
				058D4C2F143BC2D6002A01CA /* BSReachability.m */,
			);
			path = Reachability;
			sourceTree = "<group>";
		};
		05C9B07B1435C90700343267 /* Products */ = {
			isa = PBXGroup;
			children = (
				05C9B0931435C90800343267 /* libCrashReporter-MacOSX-Static.a */,
				05C9B0951435C90800343267 /* CrashReporter.framework */,
				05C9B0971435C90800343267 /* CrashReporter.framework */,
				05C9B0991435C90800343267 /* libCrashReporter-iphoneos.a */,
				05C9B09B1435C90800343267 /* libCrashReporter-iphonesimulator.a */,
				05C9B09D1435C90800343267 /* plcrashutil */,
				05C9B09F1435C90800343267 /* Tests-MacOSX.octest */,
				05C9B0A11435C90800343267 /* Tests-iOS-Simulator.app */,
				05C9B0A31435C90800343267 /* Tests-iOS-Device.app */,
				05C9B0A51435C90800343267 /* DemoCrash.app */,
				05086E53143BB348008A8411 /* DemoCrash-iOS-Device.app */,
				05086E55143BB348008A8411 /* DemoCrash-iOS-Simulator.app */,
				05C9B0A71435C90800343267 /* Fuzz Testing */,
			);
			name = Products;
			sourceTree = "<group>";
		};
		05D58BA5142CC4A400BEE267 = {
			isa = PBXGroup;
			children = (
				05086E6F143BB8AC008A8411 /* BugSense-iOS */,
				05D58BB2142CC4A400BEE267 /* Frameworks */,
				05D58BB1142CC4A400BEE267 /* Products */,
			);
			sourceTree = "<group>";
		};
		05D58BB1142CC4A400BEE267 /* Products */ = {
			isa = PBXGroup;
			children = (
				05086E6D143BB8AB008A8411 /* BugSense-iOS.framework */,
			);
			name = Products;
			sourceTree = "<group>";
		};
		05D58BB2142CC4A400BEE267 /* Frameworks */ = {
			isa = PBXGroup;
			children = (
				05C9B07A1435C90700343267 /* CrashReporter.xcodeproj */,
			);
			name = Frameworks;
			sourceTree = "<group>";
		};
/* End PBXGroup section */

/* Begin PBXHeadersBuildPhase section */
		05086E69143BB8AB008A8411 /* Headers */ = {
			isa = PBXHeadersBuildPhase;
			buildActionMask = 2147483647;
			files = (
				05086E96143BBFC6008A8411 /* BugSenseCrashController.h in Headers */,
				058D4C30143BC2D6002A01CA /* BSAFHTTPRequestOperation.h in Headers */,
				058D4C32143BC2D6002A01CA /* BSAFImageCache.h in Headers */,
				058D4C34143BC2D6002A01CA /* BSAFImageRequestOperation.h in Headers */,
				058D4C36143BC2D6002A01CA /* BSAFJSONRequestOperation.h in Headers */,
				058D4C38143BC2D6002A01CA /* BSAFNetworkActivityIndicatorManager.h in Headers */,
				058D4C3E143BC2D6002A01CA /* NSMutableURLRequest+AFNetworking.h in Headers */,
				058D4C40143BC2D6002A01CA /* NSString+AFNetworking.h in Headers */,
				058D4C42143BC2D6002A01CA /* UIImage+AFNetworking.h in Headers */,
				058D4C44143BC2D6002A01CA /* UIImageView+AFNetworking.h in Headers */,
				058D4C46143BC2D6002A01CA /* JSONKit.h in Headers */,
				058D4C48143BC2D6002A01CA /* BSReachability.h in Headers */,
				058D4C4F143BC2EE002A01CA /* BugSense-iOS-Prefix.pch in Headers */,
				05B0BF8F14487F8A00ECFF3F /* BSAFRestClient.h in Headers */,
			);
			runOnlyForDeploymentPostprocessing = 0;
		};
/* End PBXHeadersBuildPhase section */

/* Begin PBXNativeTarget section */
		05086E6C143BB8AB008A8411 /* BugSense-iOS */ = {
			isa = PBXNativeTarget;
			buildConfigurationList = 05086E76143BB8AD008A8411 /* Build configuration list for PBXNativeTarget "BugSense-iOS" */;
			buildPhases = (
				05086E66143BB8AB008A8411 /* ShellScript */,
				05086E67143BB8AB008A8411 /* Sources */,
				05086E68143BB8AB008A8411 /* Frameworks */,
				05086E69143BB8AB008A8411 /* Headers */,
				05086E6A143BB8AB008A8411 /* Resources */,
				05086E6B143BB8AB008A8411 /* ShellScript */,
			);
			buildRules = (
			);
			dependencies = (
				05F985F614476EEA00D65AC0 /* PBXTargetDependency */,
			);
			name = "BugSense-iOS";
			productName = "BugSense-iOS-Universal";
			productReference = 05086E6D143BB8AB008A8411 /* BugSense-iOS.framework */;
			productType = "com.apple.product-type.framework.static";
		};
/* End PBXNativeTarget section */

/* Begin PBXProject section */
		05D58BA7142CC4A400BEE267 /* Project object */ = {
			isa = PBXProject;
			attributes = {
				LastUpgradeCheck = 0420;
			};
			buildConfigurationList = 05D58BAA142CC4A400BEE267 /* Build configuration list for PBXProject "BugSense-iOS" */;
			compatibilityVersion = "Xcode 3.2";
			developmentRegion = English;
			hasScannedForEncodings = 0;
			knownRegions = (
				en,
			);
			mainGroup = 05D58BA5142CC4A400BEE267;
			productRefGroup = 05D58BB1142CC4A400BEE267 /* Products */;
			projectDirPath = "";
			projectReferences = (
				{
					ProductGroup = 05C9B07B1435C90700343267 /* Products */;
					ProjectRef = 05C9B07A1435C90700343267 /* CrashReporter.xcodeproj */;
				},
			);
			projectRoot = "";
			targets = (
				05086E6C143BB8AB008A8411 /* BugSense-iOS */,
			);
		};
/* End PBXProject section */

/* Begin PBXReferenceProxy section */
		05086E53143BB348008A8411 /* DemoCrash-iOS-Device.app */ = {
			isa = PBXReferenceProxy;
			fileType = wrapper.application;
			path = "DemoCrash-iOS-Device.app";
			remoteRef = 05086E52143BB348008A8411 /* PBXContainerItemProxy */;
			sourceTree = BUILT_PRODUCTS_DIR;
		};
		05086E55143BB348008A8411 /* DemoCrash-iOS-Simulator.app */ = {
			isa = PBXReferenceProxy;
			fileType = wrapper.application;
			path = "DemoCrash-iOS-Simulator.app";
			remoteRef = 05086E54143BB348008A8411 /* PBXContainerItemProxy */;
			sourceTree = BUILT_PRODUCTS_DIR;
		};
		05C9B0931435C90800343267 /* libCrashReporter-MacOSX-Static.a */ = {
			isa = PBXReferenceProxy;
			fileType = archive.ar;
			path = "libCrashReporter-MacOSX-Static.a";
			remoteRef = 05C9B0921435C90800343267 /* PBXContainerItemProxy */;
			sourceTree = BUILT_PRODUCTS_DIR;
		};
		05C9B0951435C90800343267 /* CrashReporter.framework */ = {
			isa = PBXReferenceProxy;
			fileType = wrapper.framework;
			path = CrashReporter.framework;
			remoteRef = 05C9B0941435C90800343267 /* PBXContainerItemProxy */;
			sourceTree = BUILT_PRODUCTS_DIR;
		};
		05C9B0971435C90800343267 /* CrashReporter.framework */ = {
			isa = PBXReferenceProxy;
			fileType = wrapper.framework;
			path = CrashReporter.framework;
			remoteRef = 05C9B0961435C90800343267 /* PBXContainerItemProxy */;
			sourceTree = BUILT_PRODUCTS_DIR;
		};
		05C9B0991435C90800343267 /* libCrashReporter-iphoneos.a */ = {
			isa = PBXReferenceProxy;
			fileType = archive.ar;
			path = "libCrashReporter-iphoneos.a";
			remoteRef = 05C9B0981435C90800343267 /* PBXContainerItemProxy */;
			sourceTree = BUILT_PRODUCTS_DIR;
		};
		05C9B09B1435C90800343267 /* libCrashReporter-iphonesimulator.a */ = {
			isa = PBXReferenceProxy;
			fileType = archive.ar;
			path = "libCrashReporter-iphonesimulator.a";
			remoteRef = 05C9B09A1435C90800343267 /* PBXContainerItemProxy */;
			sourceTree = BUILT_PRODUCTS_DIR;
		};
		05C9B09D1435C90800343267 /* plcrashutil */ = {
			isa = PBXReferenceProxy;
			fileType = "compiled.mach-o.executable";
			path = plcrashutil;
			remoteRef = 05C9B09C1435C90800343267 /* PBXContainerItemProxy */;
			sourceTree = BUILT_PRODUCTS_DIR;
		};
		05C9B09F1435C90800343267 /* Tests-MacOSX.octest */ = {
			isa = PBXReferenceProxy;
			fileType = wrapper.cfbundle;
			path = "Tests-MacOSX.octest";
			remoteRef = 05C9B09E1435C90800343267 /* PBXContainerItemProxy */;
			sourceTree = BUILT_PRODUCTS_DIR;
		};
		05C9B0A11435C90800343267 /* Tests-iOS-Simulator.app */ = {
			isa = PBXReferenceProxy;
			fileType = wrapper.application;
			path = "Tests-iOS-Simulator.app";
			remoteRef = 05C9B0A01435C90800343267 /* PBXContainerItemProxy */;
			sourceTree = BUILT_PRODUCTS_DIR;
		};
		05C9B0A31435C90800343267 /* Tests-iOS-Device.app */ = {
			isa = PBXReferenceProxy;
			fileType = wrapper.application;
			path = "Tests-iOS-Device.app";
			remoteRef = 05C9B0A21435C90800343267 /* PBXContainerItemProxy */;
			sourceTree = BUILT_PRODUCTS_DIR;
		};
		05C9B0A51435C90800343267 /* DemoCrash.app */ = {
			isa = PBXReferenceProxy;
			fileType = wrapper.application;
			path = DemoCrash.app;
			remoteRef = 05C9B0A41435C90800343267 /* PBXContainerItemProxy */;
			sourceTree = BUILT_PRODUCTS_DIR;
		};
		05C9B0A71435C90800343267 /* Fuzz Testing */ = {
			isa = PBXReferenceProxy;
			fileType = "compiled.mach-o.executable";
			path = "Fuzz Testing";
			remoteRef = 05C9B0A61435C90800343267 /* PBXContainerItemProxy */;
			sourceTree = BUILT_PRODUCTS_DIR;
		};
/* End PBXReferenceProxy section */

/* Begin PBXResourcesBuildPhase section */
		05086E6A143BB8AB008A8411 /* Resources */ = {
			isa = PBXResourcesBuildPhase;
			buildActionMask = 2147483647;
			files = (
				058D4C50143BC2EE002A01CA /* InfoPlist.strings in Resources */,
			);
			runOnlyForDeploymentPostprocessing = 0;
		};
/* End PBXResourcesBuildPhase section */

/* Begin PBXShellScriptBuildPhase section */
		05086E66143BB8AB008A8411 /* ShellScript */ = {
			isa = PBXShellScriptBuildPhase;
			buildActionMask = 2147483647;
			files = (
			);
			inputPaths = (
			);
			outputPaths = (
			);
			runOnlyForDeploymentPostprocessing = 0;
			shellPath = /bin/sh;
			shellScript = "set -e\n\nset +u\nif [[ $UFW_MASTER_SCRIPT_RUNNING ]]\nthen\n    # Nothing for the slave script to do\n    exit 0\nfi\nset -u\n\nif [[ \"$SDK_NAME\" =~ ([A-Za-z]+) ]]\nthen\n    UFW_SDK_PLATFORM=${BASH_REMATCH[1]}\nelse\n    echo \"Could not find platform name from SDK_NAME: $SDK_NAME\"\n    exit 1\nfi\n\nif [[ \"$SDK_NAME\" =~ ([0-9]+.*$) ]]\nthen\n\tUFW_SDK_VERSION=${BASH_REMATCH[1]}\nelse\n    echo \"Could not find sdk version  from SDK_NAME: $SDK_NAME\"\n    exit 1\nfi\n\nif [[ \"$UFW_SDK_PLATFORM\" = \"iphoneos\" ]]\nthen\n    UFW_OTHER_PLATFORM=iphonesimulator\nelse\n    UFW_OTHER_PLATFORM=iphoneos\nfi\n\nif [[ \"$BUILT_PRODUCTS_DIR\" =~ (.*)$UFW_SDK_PLATFORM$ ]]\nthen\n    UFW_OTHER_BUILT_PRODUCTS_DIR=\"${BASH_REMATCH[1]}${UFW_OTHER_PLATFORM}\"\nelse\n    echo \"Could not find $UFW_SDK_PLATFORM in $BUILT_PRODUCTS_DIR\"\n    exit 1\nfi\n\nONLY_ACTIVE_PLATFORM=${ONLY_ACTIVE_PLATFORM:-$ONLY_ACTIVE_ARCH}\n\n# Short-circuit if all binaries are up to date\n\nif [[ -f \"${BUILT_PRODUCTS_DIR}/${EXECUTABLE_PATH}\" ]] && \\\n   [[ -f \"${BUILT_PRODUCTS_DIR}/${PRODUCT_NAME}.embeddedframework/${EXECUTABLE_PATH}\" ]] && \\\n   [[ ! \"${BUILT_PRODUCTS_DIR}/${EXECUTABLE_PATH}\" -nt \"${BUILT_PRODUCTS_DIR}/${PRODUCT_NAME}.embeddedframework/${EXECUTABLE_PATH}\" ]] && \\\n  ([[ \"${ONLY_ACTIVE_PLATFORM}\" == \"YES\" ]] || \\\n    ([[ -f \"${UFW_OTHER_BUILT_PRODUCTS_DIR}/${EXECUTABLE_PATH}\" ]] && \\\n     [[ -f \"${UFW_OTHER_BUILT_PRODUCTS_DIR}/${PRODUCT_NAME}.embeddedframework/${EXECUTABLE_PATH}\" ]] && \\\n     [[ ! \"${UFW_OTHER_BUILT_PRODUCTS_DIR}/${EXECUTABLE_PATH}\" -nt \"${UFW_OTHER_BUILT_PRODUCTS_DIR}/${PRODUCT_NAME}.embeddedframework/${EXECUTABLE_PATH}\" ]]\n    )\n  )\nthen\n    exit 0\nfi\n\n\n# Clean other platform if needed\n\nif [[ ! -f \"${BUILT_PRODUCTS_DIR}/${EXECUTABLE_PATH}\" ]] && [[ \"${ONLY_ACTIVE_PLATFORM}\" != \"YES\" ]]\nthen\n\techo \"Platform \\\"$UFW_SDK_PLATFORM\\\" was cleaned recently. Cleaning \\\"$UFW_OTHER_PLATFORM\\\" as well\"\n\techo xcodebuild -project \"${PROJECT_FILE_PATH}\" -target \"${TARGET_NAME}\" -configuration \"${CONFIGURATION}\" -sdk ${UFW_OTHER_PLATFORM}${UFW_SDK_VERSION} BUILD_DIR=\"${BUILD_DIR}\" CONFIGURATION_TEMP_DIR=\"${PROJECT_TEMP_DIR}/${CONFIGURATION}-${UFW_OTHER_PLATFORM}\" clean\n\txcodebuild -project \"${PROJECT_FILE_PATH}\" -target \"${TARGET_NAME}\" -configuration \"${CONFIGURATION}\" -sdk ${UFW_OTHER_PLATFORM}${UFW_SDK_VERSION} BUILD_DIR=\"${BUILD_DIR}\" CONFIGURATION_TEMP_DIR=\"${PROJECT_TEMP_DIR}/${CONFIGURATION}-${UFW_OTHER_PLATFORM}\" clean\nfi\n\n\n# Make sure we are building from fresh binaries\n\nrm -rf \"${BUILT_PRODUCTS_DIR}/${EXECUTABLE_PATH}\"\nrm -rf \"${BUILT_PRODUCTS_DIR}/${PRODUCT_NAME}.embeddedframework\"\n\nif [[ \"${ONLY_ACTIVE_PLATFORM}\" != \"YES\" ]]\nthen\n    rm -rf \"${UFW_OTHER_BUILT_PRODUCTS_DIR}/${EXECUTABLE_PATH}\"\n    rm -rf \"${UFW_OTHER_BUILT_PRODUCTS_DIR}/${PRODUCT_NAME}.embeddedframework\"\nfi\n";
		};
		05086E6B143BB8AB008A8411 /* ShellScript */ = {
			isa = PBXShellScriptBuildPhase;
			buildActionMask = 2147483647;
			files = (
			);
			inputPaths = (
			);
			outputPaths = (
			);
			runOnlyForDeploymentPostprocessing = 0;
			shellPath = /bin/sh;
			shellScript = "set -e\n\nset +u\nif [[ $UFW_MASTER_SCRIPT_RUNNING ]]\nthen\n    # Nothing for the slave script to do\n    exit 0\nfi\nset -u\nexport UFW_MASTER_SCRIPT_RUNNING=1\n\n\n# Functions\n\n## List files in the specified directory, storing to the specified array.\n#\n# @param $1 The path to list\n# @param $2 The name of the array to fill\n#\n##\nlist_files ()\n{\n    filelist=$(ls \"$1\")\n    while read line\n    do\n        eval \"$2[\\${#$2[*]}]=\\\"\\$line\\\"\"\n    done <<< \"$filelist\"\n}\n\n\n# Sanity check\n\nif [[ ! -f \"${BUILT_PRODUCTS_DIR}/${EXECUTABLE_PATH}\" ]]\nthen\n    echo \"Framework target \\\"${TARGET_NAME}\\\" had no source files to build from. Make sure your source files have the correct target membership\"\n    exit 1\nfi\n\n\n# Gather information\n\nif [[ \"$SDK_NAME\" =~ ([A-Za-z]+) ]]\nthen\n    UFW_SDK_PLATFORM=${BASH_REMATCH[1]}\nelse\n    echo \"Could not find platform name from SDK_NAME: $SDK_NAME\"\n    exit 1\nfi\n\nif [[ \"$SDK_NAME\" =~ ([0-9]+.*$) ]]\nthen\n    UFW_SDK_VERSION=${BASH_REMATCH[1]}\nelse\n    echo \"Could not find sdk version from SDK_NAME: $SDK_NAME\"\n    exit 1\nfi\n\nif [[ \"$UFW_SDK_PLATFORM\" = \"iphoneos\" ]]\nthen\n    UFW_OTHER_PLATFORM=iphonesimulator\nelse\n    UFW_OTHER_PLATFORM=iphoneos\nfi\n\nif [[ \"$BUILT_PRODUCTS_DIR\" =~ (.*)$UFW_SDK_PLATFORM$ ]]\nthen\n    UFW_OTHER_BUILT_PRODUCTS_DIR=\"${BASH_REMATCH[1]}${UFW_OTHER_PLATFORM}\"\nelse\n    echo \"Could not find $UFW_SDK_PLATFORM in $BUILT_PRODUCTS_DIR\"\n    exit 1\nfi\n\nONLY_ACTIVE_PLATFORM=${ONLY_ACTIVE_PLATFORM:-$ONLY_ACTIVE_ARCH}\n\n# Short-circuit if all binaries are up to date.\n# We already checked the other platform in the prerun script.\n\nif [[ -f \"${BUILT_PRODUCTS_DIR}/${EXECUTABLE_PATH}\" ]] && [[ -f \"${BUILT_PRODUCTS_DIR}/${PRODUCT_NAME}.embeddedframework/${EXECUTABLE_PATH}\" ]] && [[ ! \"${BUILT_PRODUCTS_DIR}/${EXECUTABLE_PATH}\" -nt \"${BUILT_PRODUCTS_DIR}/${PRODUCT_NAME}.embeddedframework/${EXECUTABLE_PATH}\" ]]\nthen\n    exit 0\nfi\n\n#if [ \"${ONLY_ACTIVE_PLATFORM}\" == \"YES\" ]\n#then\n#    echo \"ONLY_ACTIVE_PLATFORM=${ONLY_ACTIVE_PLATFORM}: Skipping other platform build\"\n#else\n    # Make sure the other platform gets built\n    \n#    echo \"Build other platform\"\n#    echo xcodebuild -project \"${PROJECT_FILE_PATH}\" -target \"${TARGET_NAME}\" -configuration \"${CONFIGURATION}\" -sdk ${UFW_OTHER_PLATFORM}${UFW_SDK_VERSION} BUILD_DIR=\"${BUILD_DIR}\" CONFIGURATION_TEMP_DIR=\"${PROJECT_TEMP_DIR}/${CONFIGURATION}-${UFW_OTHER_PLATFORM}\" $ACTION\n\n#    xcodebuild -project \"${PROJECT_FILE_PATH}\" -target \"${TARGET_NAME}\" -configuration \"${CONFIGURATION}\" -sdk ${UFW_OTHER_PLATFORM}${UFW_SDK_VERSION} BUILD_DIR=\"${BUILD_DIR}\" CONFIGURATION_TEMP_DIR=\"${PROJECT_TEMP_DIR}/${CONFIGURATION}-${UFW_OTHER_PLATFORM}\" $ACTION\n    \n    \n    # Build the fat static library binary\n    \n#    echo \"Create universal static library\"\n    \n#    echo \"$PLATFORM_DEVELOPER_BIN_DIR/libtool\" -static \"${BUILT_PRODUCTS_DIR}/${EXECUTABLE_PATH}\" \"${UFW_OTHER_BUILT_PRODUCTS_DIR}/${EXECUTABLE_PATH}\" -o \"${BUILT_PRODUCTS_DIR}/${EXECUTABLE_PATH}.temp\"\n#    \"$PLATFORM_DEVELOPER_BIN_DIR/libtool\" -static \"${BUILT_PRODUCTS_DIR}/${EXECUTABLE_PATH}\" \"${UFW_OTHER_BUILT_PRODUCTS_DIR}/${EXECUTABLE_PATH}\" -o \"${BUILT_PRODUCTS_DIR}/${EXECUTABLE_PATH}.temp\"\n    \n#    echo mv \"${BUILT_PRODUCTS_DIR}/${EXECUTABLE_PATH}.temp\" \"${BUILT_PRODUCTS_DIR}/${EXECUTABLE_PATH}\"\n#    mv \"${BUILT_PRODUCTS_DIR}/${EXECUTABLE_PATH}.temp\" \"${BUILT_PRODUCTS_DIR}/${EXECUTABLE_PATH}\"\n# fi\n\n# Build embedded framework structure\n\necho \"Build Embedded Framework\"\n\necho rm -rf \"${BUILT_PRODUCTS_DIR}/${PRODUCT_NAME}.embeddedframework\"\nrm -rf \"${BUILT_PRODUCTS_DIR}/${PRODUCT_NAME}.embeddedframework\"\necho mkdir -p \"${BUILT_PRODUCTS_DIR}/${PRODUCT_NAME}.embeddedframework/Resources\"\nmkdir -p \"${BUILT_PRODUCTS_DIR}/${PRODUCT_NAME}.embeddedframework/Resources\"\necho cp -a \"${BUILT_PRODUCTS_DIR}/${WRAPPER_NAME}\" \"${BUILT_PRODUCTS_DIR}/${PRODUCT_NAME}.embeddedframework/\"\ncp -a \"${BUILT_PRODUCTS_DIR}/${WRAPPER_NAME}\" \"${BUILT_PRODUCTS_DIR}/${PRODUCT_NAME}.embeddedframework/\"\n\ndeclare -a UFW_FILE_LIST\nlist_files \"${BUILT_PRODUCTS_DIR}/${UNLOCALIZED_RESOURCES_FOLDER_PATH}\" UFW_FILE_LIST\nfor filename in \"${UFW_FILE_LIST[@]}\"\ndo\n    if [[ \"${filename}\" != \"Info.plist\" ]] && [[ ! \"${filename}\" =~ .*\\.lproj$ ]]\n    then\n        echo ln -sf \"../${WRAPPER_NAME}/Resources/${filename}\" \"${BUILT_PRODUCTS_DIR}/${PRODUCT_NAME}.embeddedframework/Resources/${filename}\"\n        ln -sf \"../${WRAPPER_NAME}/Resources/${filename}\" \"${BUILT_PRODUCTS_DIR}/${PRODUCT_NAME}.embeddedframework/Resources/${filename}\"\n    fi\ndone\n\n\nif [ \"${ONLY_ACTIVE_PLATFORM}\" != \"YES\" ]\nthen\n    # Replace other platform's framework with a copy of this one (so that both have the same universal binary)\n    \n    echo \"Copy from $UFW_SDK_PLATFORM to $UFW_OTHER_PLATFORM\"\n    \n    echo rm -rf \"${BUILD_DIR}/${CONFIGURATION}-${UFW_OTHER_PLATFORM}\"\n    rm -rf \"${BUILD_DIR}/${CONFIGURATION}-${UFW_OTHER_PLATFORM}\"\n    echo cp -a \"${BUILD_DIR}/${CONFIGURATION}-${UFW_SDK_PLATFORM}\" \"${BUILD_DIR}/${CONFIGURATION}-${UFW_OTHER_PLATFORM}\"\n    cp -a \"${BUILD_DIR}/${CONFIGURATION}-${UFW_SDK_PLATFORM}\" \"${BUILD_DIR}/${CONFIGURATION}-${UFW_OTHER_PLATFORM}\"\nfi\n";
		};
/* End PBXShellScriptBuildPhase section */

/* Begin PBXSourcesBuildPhase section */
		05086E67143BB8AB008A8411 /* Sources */ = {
			isa = PBXSourcesBuildPhase;
			buildActionMask = 2147483647;
			files = (
				058D4C11143BC2AD002A01CA /* BugSenseCrashController.m in Sources */,
				058D4C31143BC2D6002A01CA /* BSAFHTTPRequestOperation.m in Sources */,
				058D4C33143BC2D6002A01CA /* BSAFImageCache.m in Sources */,
				058D4C35143BC2D6002A01CA /* BSAFImageRequestOperation.m in Sources */,
				058D4C37143BC2D6002A01CA /* BSAFJSONRequestOperation.m in Sources */,
				058D4C39143BC2D6002A01CA /* BSAFNetworkActivityIndicatorManager.m in Sources */,
				058D4C3F143BC2D6002A01CA /* NSMutableURLRequest+AFNetworking.m in Sources */,
				058D4C41143BC2D6002A01CA /* NSString+AFNetworking.m in Sources */,
				058D4C43143BC2D6002A01CA /* UIImage+AFNetworking.m in Sources */,
				058D4C45143BC2D6002A01CA /* UIImageView+AFNetworking.m in Sources */,
				058D4C47143BC2D6002A01CA /* JSONKit.m in Sources */,
				058D4C49143BC2D6002A01CA /* BSReachability.m in Sources */,
				05B0BF9014487F8A00ECFF3F /* BSAFRestClient.m in Sources */,
			);
			runOnlyForDeploymentPostprocessing = 0;
		};
/* End PBXSourcesBuildPhase section */

/* Begin PBXTargetDependency section */
		05F985F614476EEA00D65AC0 /* PBXTargetDependency */ = {
			isa = PBXTargetDependency;
			name = "CrashReporter-iOS-Device";
			targetProxy = 05F985F514476EEA00D65AC0 /* PBXContainerItemProxy */;
		};
/* End PBXTargetDependency section */

/* Begin PBXVariantGroup section */
		058D4C4C143BC2EE002A01CA /* InfoPlist.strings */ = {
			isa = PBXVariantGroup;
			children = (
				058D4C4D143BC2EE002A01CA /* en */,
			);
			name = InfoPlist.strings;
			path = "../BugSense-iOS-Universal";
			sourceTree = "<group>";
		};
/* End PBXVariantGroup section */

/* Begin XCBuildConfiguration section */
		05086E77143BB8AD008A8411 /* Debug */ = {
			isa = XCBuildConfiguration;
			buildSettings = {
				ARCHS = (
					armv6,
					armv7,
				);
				BUILD_VARIANTS = normal;
				COPY_PHASE_STRIP = NO;
				DYLIB_COMPATIBILITY_VERSION = 1;
				DYLIB_CURRENT_VERSION = 1;
				FRAMEWORK_VERSION = A;
				GCC_C_LANGUAGE_STANDARD = "compiler-default";
				GCC_ENABLE_CPP_EXCEPTIONS = NO;
				GCC_ENABLE_CPP_RTTI = NO;
				GCC_GENERATE_DEBUGGING_SYMBOLS = NO;
				GCC_INLINES_ARE_PRIVATE_EXTERN = YES;
				GCC_OPTIMIZATION_LEVEL = s;
				GCC_PRECOMPILE_PREFIX_HEADER = YES;
				GCC_PREFIX_HEADER = "BugSense-iOS/BugSense-iOS-Prefix.pch";
				GCC_SYMBOLS_PRIVATE_EXTERN = YES;
				GCC_VERSION = "";
				GENERATE_MASTER_OBJECT_FILE = YES;
				HEADER_SEARCH_PATHS = (
					"\"$(SRCROOT)/Supporting Files\"",
					"\"$(SRCROOT)/Frameworks/CrashReporter/Source\"",
				);
				INFOPLIST_FILE = "BugSense-iOS/BugSense-iOS-Info.plist";
				IPHONEOS_DEPLOYMENT_TARGET = 3.0;
				KEEP_PRIVATE_EXTERNS = NO;
				OTHER_LDFLAGS = (
					"-all_load",
					"-ObjC",
				);
				PRELINK_LIBS = "";
				PRODUCT_NAME = "$(TARGET_NAME)";
				RUN_CLANG_STATIC_ANALYZER = NO;
				SEPARATE_STRIP = NO;
				SKIP_INSTALL = YES;
				STRIP_INSTALLED_PRODUCT = NO;
				STRIP_STYLE = all;
				SUPPORTED_PLATFORMS = "iphonesimulator iphoneos";
				TARGETED_DEVICE_FAMILY = "1,2";
				VALIDATE_PRODUCT = YES;
				VALID_ARCHS = "armv6 armv7";
				WARNING_LDFLAGS = "";
				WRAPPER_EXTENSION = framework;
			};
			name = Debug;
		};
		05086E78143BB8AD008A8411 /* Release */ = {
			isa = XCBuildConfiguration;
			buildSettings = {
				ARCHS = (
					armv6,
					armv7,
				);
				BUILD_VARIANTS = normal;
				COPY_PHASE_STRIP = NO;
				DYLIB_COMPATIBILITY_VERSION = 1;
				DYLIB_CURRENT_VERSION = 1;
				FRAMEWORK_VERSION = A;
				GCC_C_LANGUAGE_STANDARD = "compiler-default";
				GCC_ENABLE_CPP_EXCEPTIONS = NO;
				GCC_ENABLE_CPP_RTTI = NO;
				GCC_GENERATE_DEBUGGING_SYMBOLS = NO;
				GCC_INLINES_ARE_PRIVATE_EXTERN = YES;
				GCC_OPTIMIZATION_LEVEL = s;
				GCC_PRECOMPILE_PREFIX_HEADER = YES;
				GCC_PREFIX_HEADER = "BugSense-iOS/BugSense-iOS-Prefix.pch";
				GCC_SYMBOLS_PRIVATE_EXTERN = YES;
				GCC_VERSION = "";
				GENERATE_MASTER_OBJECT_FILE = YES;
				HEADER_SEARCH_PATHS = (
					"\"$(SRCROOT)/Supporting Files\"",
					"\"$(SRCROOT)/Frameworks/CrashReporter/Source\"",
				);
				INFOPLIST_FILE = "BugSense-iOS/BugSense-iOS-Info.plist";
				IPHONEOS_DEPLOYMENT_TARGET = 3.0;
				KEEP_PRIVATE_EXTERNS = NO;
				OTHER_LDFLAGS = (
					"-all_load",
					"-ObjC",
				);
				PRELINK_LIBS = "";
				PRODUCT_NAME = "$(TARGET_NAME)";
				RUN_CLANG_STATIC_ANALYZER = NO;
				SEPARATE_STRIP = NO;
				SKIP_INSTALL = YES;
				STRIP_INSTALLED_PRODUCT = NO;
				STRIP_STYLE = all;
				SUPPORTED_PLATFORMS = "iphonesimulator iphoneos";
				TARGETED_DEVICE_FAMILY = "1,2";
				VALID_ARCHS = "armv6 armv7";
				WARNING_LDFLAGS = "";
				WRAPPER_EXTENSION = framework;
			};
			name = Release;
		};
		05D58BBB142CC4A400BEE267 /* Debug */ = {
			isa = XCBuildConfiguration;
			buildSettings = {
				ALWAYS_SEARCH_USER_PATHS = NO;
				ARCHS = (
					armv7,
					armv6,
				);
				COPY_PHASE_STRIP = NO;
				GCC_C_LANGUAGE_STANDARD = gnu99;
				GCC_DYNAMIC_NO_PIC = NO;
				GCC_OPTIMIZATION_LEVEL = 0;
				GCC_PREPROCESSOR_DEFINITIONS = (
					"DEBUG=1",
					"$(inherited)",
				);
				GCC_SYMBOLS_PRIVATE_EXTERN = NO;
				GCC_VERSION = "";
				GCC_WARN_ABOUT_MISSING_PROTOTYPES = YES;
				GCC_WARN_ABOUT_RETURN_TYPE = YES;
				GCC_WARN_UNUSED_VARIABLE = YES;
				IPHONEOS_DEPLOYMENT_TARGET = 3.0;
				SDKROOT = iphoneos;
				VALID_ARCHS = "i386 ppc armv7 armv6 x86_64";
				WRAPPER_EXTENSION = framework;
			};
			name = Debug;
		};
		05D58BBC142CC4A400BEE267 /* Release */ = {
			isa = XCBuildConfiguration;
			buildSettings = {
				ALWAYS_SEARCH_USER_PATHS = NO;
				ARCHS = (
					armv7,
					armv6,
				);
				COPY_PHASE_STRIP = YES;
				GCC_C_LANGUAGE_STANDARD = gnu99;
				GCC_VERSION = "";
				GCC_WARN_ABOUT_MISSING_PROTOTYPES = YES;
				GCC_WARN_ABOUT_RETURN_TYPE = YES;
				GCC_WARN_UNUSED_VARIABLE = YES;
				IPHONEOS_DEPLOYMENT_TARGET = 3.0;
				SDKROOT = iphoneos;
				VALIDATE_PRODUCT = YES;
				VALID_ARCHS = "i386 ppc armv7 armv6 x86_64";
				WRAPPER_EXTENSION = framework;
			};
			name = Release;
		};
/* End XCBuildConfiguration section */

/* Begin XCConfigurationList section */
		05086E76143BB8AD008A8411 /* Build configuration list for PBXNativeTarget "BugSense-iOS" */ = {
			isa = XCConfigurationList;
			buildConfigurations = (
				05086E77143BB8AD008A8411 /* Debug */,
				05086E78143BB8AD008A8411 /* Release */,
			);
			defaultConfigurationIsVisible = 0;
			defaultConfigurationName = Release;
		};
		05D58BAA142CC4A400BEE267 /* Build configuration list for PBXProject "BugSense-iOS" */ = {
			isa = XCConfigurationList;
			buildConfigurations = (
				05D58BBB142CC4A400BEE267 /* Debug */,
				05D58BBC142CC4A400BEE267 /* Release */,
			);
			defaultConfigurationIsVisible = 0;
			defaultConfigurationName = Release;
		};
/* End XCConfigurationList section */
	};
	rootObject = 05D58BA7142CC4A400BEE267 /* Project object */;
}
