// !$*UTF8*$!
{
	archiveVersion = 1;
	classes = {
	};
	objectVersion = 46;
	objects = {

/* Begin PBXBuildFile section */
		05D58BB4142CC4A400BEE267 /* Foundation.framework in Frameworks */ = {isa = PBXBuildFile; fileRef = 05D58BB3142CC4A400BEE267 /* Foundation.framework */; };
		05D58BBA142CC4A400BEE267 /* BugSense-iOS.m in Sources */ = {isa = PBXBuildFile; fileRef = 05D58BB9142CC4A400BEE267 /* BugSense-iOS.m */; };
/* End PBXBuildFile section */

/* Begin PBXFileReference section */
		05D58BB0142CC4A400BEE267 /* libBugSense-iOS.a */ = {isa = PBXFileReference; explicitFileType = archive.ar; includeInIndex = 0; path = "libBugSense-iOS.a"; sourceTree = BUILT_PRODUCTS_DIR; };
		05D58BB3142CC4A400BEE267 /* Foundation.framework */ = {isa = PBXFileReference; lastKnownFileType = wrapper.framework; name = Foundation.framework; path = System/Library/Frameworks/Foundation.framework; sourceTree = SDKROOT; };
		05D58BB7142CC4A400BEE267 /* BugSense-iOS-Prefix.pch */ = {isa = PBXFileReference; path = "BugSense-iOS-Prefix.pch"; sourceTree = "<group>"; };
		05D58BB8142CC4A400BEE267 /* BugSense-iOS.h */ = {isa = PBXFileReference; path = "BugSense-iOS.h"; sourceTree = "<group>"; };
		05D58BB9142CC4A400BEE267 /* BugSense-iOS.m */ = {isa = PBXFileReference; lastKnownFileType = sourcecode.c.objc; path = "BugSense-iOS.m"; sourceTree = "<group>"; };
/* End PBXFileReference section */

/* Begin PBXFrameworksBuildPhase section */
		05D58BAD142CC4A400BEE267 /* Frameworks */ = {
			isa = PBXFrameworksBuildPhase;
			buildActionMask = 2147483647;
			files = (
				05D58BB4142CC4A400BEE267 /* Foundation.framework in Frameworks */,
			);
			runOnlyForDeploymentPostprocessing = 0;
		};
/* End PBXFrameworksBuildPhase section */

/* Begin PBXGroup section */
		05D58BA5142CC4A400BEE267 = {
			isa = PBXGroup;
			children = (
				05D58BB5142CC4A400BEE267 /* BugSense-iOS */,
				05D58BB2142CC4A400BEE267 /* Frameworks */,
				05D58BB1142CC4A400BEE267 /* Products */,
			);
			sourceTree = "<group>";
		};
		05D58BB1142CC4A400BEE267 /* Products */ = {
			isa = PBXGroup;
			children = (
				05D58BB0142CC4A400BEE267 /* libBugSense-iOS.a */,
			);
			name = Products;
			sourceTree = "<group>";
		};
		05D58BB2142CC4A400BEE267 /* Frameworks */ = {
			isa = PBXGroup;
			children = (
				05D58BB3142CC4A400BEE267 /* Foundation.framework */,
			);
			name = Frameworks;
			sourceTree = "<group>";
		};
		05D58BB5142CC4A400BEE267 /* BugSense-iOS */ = {
			isa = PBXGroup;
			children = (
				05D58BB8142CC4A400BEE267 /* BugSense-iOS.h */,
				05D58BB9142CC4A400BEE267 /* BugSense-iOS.m */,
				05D58BB6142CC4A400BEE267 /* Supporting Files */,
			);
			path = "BugSense-iOS";
			sourceTree = "<group>";
		};
		05D58BB6142CC4A400BEE267 /* Supporting Files */ = {
			isa = PBXGroup;
			children = (
				05D58BB7142CC4A400BEE267 /* BugSense-iOS-Prefix.pch */,
			);
			name = "Supporting Files";
			sourceTree = "<group>";
		};
/* End PBXGroup section */

/* Begin PBXHeadersBuildPhase section */
		05D58BAE142CC4A400BEE267 /* Headers */ = {
			isa = PBXHeadersBuildPhase;
			buildActionMask = 2147483647;
			files = (
			);
			runOnlyForDeploymentPostprocessing = 0;
		};
/* End PBXHeadersBuildPhase section */

/* Begin PBXNativeTarget section */
		05D58BAF142CC4A400BEE267 /* BugSense-iOS */ = {
			isa = PBXNativeTarget;
			buildConfigurationList = 05D58BBD142CC4A400BEE267 /* Build configuration list for PBXNativeTarget "BugSense-iOS" */;
			buildPhases = (
				05D58BAC142CC4A400BEE267 /* Sources */,
				05D58BAD142CC4A400BEE267 /* Frameworks */,
				05D58BAE142CC4A400BEE267 /* Headers */,
			);
			buildRules = (
			);
			dependencies = (
			);
			name = "BugSense-iOS";
			productName = "BugSense-iOS";
			productReference = 05D58BB0142CC4A400BEE267 /* libBugSense-iOS.a */;
			productType = "com.apple.product-type.library.static";
		};
/* End PBXNativeTarget section */

/* Begin PBXProject section */
		05D58BA7142CC4A400BEE267 /* Project object */ = {
			isa = PBXProject;
			buildConfigurationList = 05D58BAA142CC4A400BEE267 /* Build configuration list for PBXProject "BugSense-iOS" */;
			compatibilityVersion = "Xcode 3.2";
			developmentRegion = English;
			hasScannedForEncodings = 0;
			knownRegions = (
				en,
			);
			mainGroup = 05D58BA5142CC4A400BEE267;
			productRefGroup = 05D58BB1142CC4A400BEE267 /* Products */;
			projectDirPath = "";
			projectRoot = "";
			targets = (
				05D58BAF142CC4A400BEE267 /* BugSense-iOS */,
			);
		};
/* End PBXProject section */

/* Begin PBXSourcesBuildPhase section */
		05D58BAC142CC4A400BEE267 /* Sources */ = {
			isa = PBXSourcesBuildPhase;
			buildActionMask = 2147483647;
			files = (
				05D58BBA142CC4A400BEE267 /* BugSense-iOS.m in Sources */,
			);
			runOnlyForDeploymentPostprocessing = 0;
		};
/* End PBXSourcesBuildPhase section */

/* Begin XCBuildConfiguration section */
		05D58BBB142CC4A400BEE267 /* Debug */ = {
			isa = XCBuildConfiguration;
			buildSettings = {
				ALWAYS_SEARCH_USER_PATHS = NO;
				ARCHS = "$(ARCHS_STANDARD_32_BIT)";
				COPY_PHASE_STRIP = NO;
				GCC_C_LANGUAGE_STANDARD = gnu99;
				GCC_DYNAMIC_NO_PIC = NO;
				GCC_OPTIMIZATION_LEVEL = 0;
				GCC_PREPROCESSOR_DEFINITIONS = (
					"DEBUG=1",
					"$(inherited)",
				);
				GCC_SYMBOLS_PRIVATE_EXTERN = NO;
				GCC_VERSION = com.apple.compilers.llvmgcc42;
				GCC_WARN_ABOUT_MISSING_PROTOTYPES = YES;
				GCC_WARN_ABOUT_RETURN_TYPE = YES;
				GCC_WARN_UNUSED_VARIABLE = YES;
				IPHONEOS_DEPLOYMENT_TARGET = 4.3;
				SDKROOT = iphoneos;
			};
			name = Debug;
		};
		05D58BBC142CC4A400BEE267 /* Release */ = {
			isa = XCBuildConfiguration;
			buildSettings = {
				ALWAYS_SEARCH_USER_PATHS = NO;
				ARCHS = "$(ARCHS_STANDARD_32_BIT)";
				COPY_PHASE_STRIP = YES;
				GCC_C_LANGUAGE_STANDARD = gnu99;
				GCC_VERSION = com.apple.compilers.llvmgcc42;
				GCC_WARN_ABOUT_MISSING_PROTOTYPES = YES;
				GCC_WARN_ABOUT_RETURN_TYPE = YES;
				GCC_WARN_UNUSED_VARIABLE = YES;
				IPHONEOS_DEPLOYMENT_TARGET = 4.3;
				SDKROOT = iphoneos;
				VALIDATE_PRODUCT = YES;
			};
			name = Release;
		};
		05D58BBE142CC4A400BEE267 /* Debug */ = {
			isa = XCBuildConfiguration;
			buildSettings = {
				DSTROOT = /tmp/BugSense_iOS.dst;
				GCC_PRECOMPILE_PREFIX_HEADER = YES;
				GCC_PREFIX_HEADER = "BugSense-iOS/BugSense-iOS-Prefix.pch";
				OTHER_LDFLAGS = "-ObjC";
				PRODUCT_NAME = "$(TARGET_NAME)";
				SKIP_INSTALL = YES;
			};
			name = Debug;
		};
		05D58BBF142CC4A400BEE267 /* Release */ = {
			isa = XCBuildConfiguration;
			buildSettings = {
				DSTROOT = /tmp/BugSense_iOS.dst;
				GCC_PRECOMPILE_PREFIX_HEADER = YES;
				GCC_PREFIX_HEADER = "BugSense-iOS/BugSense-iOS-Prefix.pch";
				OTHER_LDFLAGS = "-ObjC";
				PRODUCT_NAME = "$(TARGET_NAME)";
				SKIP_INSTALL = YES;
			};
			name = Release;
		};
/* End XCBuildConfiguration section */

/* Begin XCConfigurationList section */
		05D58BAA142CC4A400BEE267 /* Build configuration list for PBXProject "BugSense-iOS" */ = {
			isa = XCConfigurationList;
			buildConfigurations = (
				05D58BBB142CC4A400BEE267 /* Debug */,
				05D58BBC142CC4A400BEE267 /* Release */,
			);
			defaultConfigurationIsVisible = 0;
			defaultConfigurationName = Release;
		};
		05D58BBD142CC4A400BEE267 /* Build configuration list for PBXNativeTarget "BugSense-iOS" */ = {
			isa = XCConfigurationList;
			buildConfigurations = (
				05D58BBE142CC4A400BEE267 /* Debug */,
				05D58BBF142CC4A400BEE267 /* Release */,
			);
			defaultConfigurationIsVisible = 0;
		};
/* End XCConfigurationList section */
	};
	rootObject = 05D58BA7142CC4A400BEE267 /* Project object */;
}
